// !$*UTF8*$!
{
	archiveVersion = 1;
	classes = {
	};
	objectVersion = 77;
	objects = {

/* Begin PBXBuildFile section */
		290D17952CF12395006702B4 /* DiscogsData.framework in Frameworks */ = {isa = PBXBuildFile; fileRef = 290D17942CF12395006702B4 /* DiscogsData.framework */; };
		290D17962CF12395006702B4 /* DiscogsData.framework in Embed Frameworks */ = {isa = PBXBuildFile; fileRef = 290D17942CF12395006702B4 /* DiscogsData.framework */; settings = {ATTRIBUTES = (CodeSignOnCopy, RemoveHeadersOnCopy, ); }; };
		290D17992CF12399006702B4 /* DiscogsDataSource.framework in Frameworks */ = {isa = PBXBuildFile; fileRef = 290D17982CF12399006702B4 /* DiscogsDataSource.framework */; };
		290D179A2CF12399006702B4 /* DiscogsDataSource.framework in Embed Frameworks */ = {isa = PBXBuildFile; fileRef = 290D17982CF12399006702B4 /* DiscogsDataSource.framework */; settings = {ATTRIBUTES = (CodeSignOnCopy, RemoveHeadersOnCopy, ); }; };
		290D179C2CF1239E006702B4 /* DiscogsEntities.framework in Frameworks */ = {isa = PBXBuildFile; fileRef = 290D179B2CF1239E006702B4 /* DiscogsEntities.framework */; };
		290D179D2CF1239E006702B4 /* DiscogsEntities.framework in Embed Frameworks */ = {isa = PBXBuildFile; fileRef = 290D179B2CF1239E006702B4 /* DiscogsEntities.framework */; settings = {ATTRIBUTES = (CodeSignOnCopy, RemoveHeadersOnCopy, ); }; };
		290D179F2CF123A1006702B4 /* DiscogsLocalizable.framework in Frameworks */ = {isa = PBXBuildFile; fileRef = 290D179E2CF123A1006702B4 /* DiscogsLocalizable.framework */; };
		290D17A02CF123A1006702B4 /* DiscogsLocalizable.framework in Embed Frameworks */ = {isa = PBXBuildFile; fileRef = 290D179E2CF123A1006702B4 /* DiscogsLocalizable.framework */; settings = {ATTRIBUTES = (CodeSignOnCopy, RemoveHeadersOnCopy, ); }; };
		290D17A22CF123A6006702B4 /* DiscogsUI.framework in Frameworks */ = {isa = PBXBuildFile; fileRef = 290D17A12CF123A6006702B4 /* DiscogsUI.framework */; };
		290D17A32CF123A6006702B4 /* DiscogsUI.framework in Embed Frameworks */ = {isa = PBXBuildFile; fileRef = 290D17A12CF123A6006702B4 /* DiscogsUI.framework */; settings = {ATTRIBUTES = (CodeSignOnCopy, RemoveHeadersOnCopy, ); }; };
		290D17A52CF123AD006702B4 /* DiscogsUI.framework in Frameworks */ = {isa = PBXBuildFile; fileRef = 290D17A42CF123AD006702B4 /* DiscogsUI.framework */; };
		290D17A62CF123AD006702B4 /* DiscogsUI.framework in Embed Frameworks */ = {isa = PBXBuildFile; fileRef = 290D17A42CF123AD006702B4 /* DiscogsUI.framework */; settings = {ATTRIBUTES = (CodeSignOnCopy, RemoveHeadersOnCopy, ); }; };
		290D17A82CF123B2006702B4 /* DiscogsUsecases.framework in Frameworks */ = {isa = PBXBuildFile; fileRef = 290D17A72CF123B2006702B4 /* DiscogsUsecases.framework */; };
		290D17A92CF123B2006702B4 /* DiscogsUsecases.framework in Embed Frameworks */ = {isa = PBXBuildFile; fileRef = 290D17A72CF123B2006702B4 /* DiscogsUsecases.framework */; settings = {ATTRIBUTES = (CodeSignOnCopy, RemoveHeadersOnCopy, ); }; };
		290D17AB2CF123B8006702B4 /* DiscogsUtils.framework in Frameworks */ = {isa = PBXBuildFile; fileRef = 290D17AA2CF123B8006702B4 /* DiscogsUtils.framework */; };
		290D17AC2CF123B8006702B4 /* DiscogsUtils.framework in Embed Frameworks */ = {isa = PBXBuildFile; fileRef = 290D17AA2CF123B8006702B4 /* DiscogsUtils.framework */; settings = {ATTRIBUTES = (CodeSignOnCopy, RemoveHeadersOnCopy, ); }; };
		290D17AE2CF123BE006702B4 /* NetworkCore.framework in Frameworks */ = {isa = PBXBuildFile; fileRef = 290D17AD2CF123BE006702B4 /* NetworkCore.framework */; };
		290D17AF2CF123BE006702B4 /* NetworkCore.framework in Embed Frameworks */ = {isa = PBXBuildFile; fileRef = 290D17AD2CF123BE006702B4 /* NetworkCore.framework */; settings = {ATTRIBUTES = (CodeSignOnCopy, RemoveHeadersOnCopy, ); }; };
		290D18172CF1A38D006702B4 /* DiscogsAppApp.swift in Sources */ = {isa = PBXBuildFile; fileRef = 290D18132CF1A38D006702B4 /* DiscogsAppApp.swift */; };
		290D18182CF1A38D006702B4 /* Preview Assets.xcassets in Resources */ = {isa = PBXBuildFile; fileRef = 290D180E2CF1A38D006702B4 /* Preview Assets.xcassets */; };
		290D18192CF1A38D006702B4 /* Assets.xcassets in Resources */ = {isa = PBXBuildFile; fileRef = 290D18102CF1A38D006702B4 /* Assets.xcassets */; };
		290D181C2CF1A397006702B4 /* AppDelegate.swift in Sources */ = {isa = PBXBuildFile; fileRef = 290D181B2CF1A397006702B4 /* AppDelegate.swift */; };
		290D181F2CF1A3C4006702B4 /* APIConfig.swift in Sources */ = {isa = PBXBuildFile; fileRef = 290D181E2CF1A3C4006702B4 /* APIConfig.swift */; };
		290D18212CF1A3F1006702B4 /* APIBundle.swift in Sources */ = {isa = PBXBuildFile; fileRef = 290D18202CF1A3F1006702B4 /* APIBundle.swift */; };
		290D18342CF2A882006702B4 /* SarchArtistView.swift in Sources */ = {isa = PBXBuildFile; fileRef = 290D18332CF2A882006702B4 /* SarchArtistView.swift */; };
		290D18362CF2A8D3006702B4 /* SearchArtistViewModel.swift in Sources */ = {isa = PBXBuildFile; fileRef = 290D18352CF2A8D3006702B4 /* SearchArtistViewModel.swift */; };
		290D183A2CF2BFFF006702B4 /* SearchViewModelDependencies.swift in Sources */ = {isa = PBXBuildFile; fileRef = 290D18392CF2BFFF006702B4 /* SearchViewModelDependencies.swift */; };
		290D183C2CF2C0A4006702B4 /* SearchArtistFactory.swift in Sources */ = {isa = PBXBuildFile; fileRef = 290D183B2CF2C0A4006702B4 /* SearchArtistFactory.swift */; };
/* End PBXBuildFile section */

/* Begin PBXContainerItemProxy section */
		290D164C2CF11F12006702B4 /* PBXContainerItemProxy */ = {
			isa = PBXContainerItemProxy;
			containerPortal = 290D16332CF11F12006702B4 /* Project object */;
			proxyType = 1;
			remoteGlobalIDString = 290D163A2CF11F12006702B4;
			remoteInfo = DiscogsApp;
		};
		290D16562CF11F12006702B4 /* PBXContainerItemProxy */ = {
			isa = PBXContainerItemProxy;
			containerPortal = 290D16332CF11F12006702B4 /* Project object */;
			proxyType = 1;
			remoteGlobalIDString = 290D163A2CF11F12006702B4;
			remoteInfo = DiscogsApp;
		};
/* End PBXContainerItemProxy section */

/* Begin PBXCopyFilesBuildPhase section */
		290D17972CF12395006702B4 /* Embed Frameworks */ = {
			isa = PBXCopyFilesBuildPhase;
			buildActionMask = 2147483647;
			dstPath = "";
			dstSubfolderSpec = 10;
			files = (
				290D17A92CF123B2006702B4 /* DiscogsUsecases.framework in Embed Frameworks */,
				290D179A2CF12399006702B4 /* DiscogsDataSource.framework in Embed Frameworks */,
				290D17AF2CF123BE006702B4 /* NetworkCore.framework in Embed Frameworks */,
				290D17A32CF123A6006702B4 /* DiscogsUI.framework in Embed Frameworks */,
				290D179D2CF1239E006702B4 /* DiscogsEntities.framework in Embed Frameworks */,
				290D17A62CF123AD006702B4 /* DiscogsUI.framework in Embed Frameworks */,
				290D17A02CF123A1006702B4 /* DiscogsLocalizable.framework in Embed Frameworks */,
				290D17962CF12395006702B4 /* DiscogsData.framework in Embed Frameworks */,
				290D17AC2CF123B8006702B4 /* DiscogsUtils.framework in Embed Frameworks */,
			);
			name = "Embed Frameworks";
			runOnlyForDeploymentPostprocessing = 0;
		};
/* End PBXCopyFilesBuildPhase section */

/* Begin PBXFileReference section */
		290D163B2CF11F12006702B4 /* DiscogsApp.app */ = {isa = PBXFileReference; explicitFileType = wrapper.application; includeInIndex = 0; path = DiscogsApp.app; sourceTree = BUILT_PRODUCTS_DIR; };
		290D164B2CF11F12006702B4 /* DiscogsAppTests.xctest */ = {isa = PBXFileReference; explicitFileType = wrapper.cfbundle; includeInIndex = 0; path = DiscogsAppTests.xctest; sourceTree = BUILT_PRODUCTS_DIR; };
		290D16552CF11F12006702B4 /* DiscogsAppUITests.xctest */ = {isa = PBXFileReference; explicitFileType = wrapper.cfbundle; includeInIndex = 0; path = DiscogsAppUITests.xctest; sourceTree = BUILT_PRODUCTS_DIR; };
		290D17942CF12395006702B4 /* DiscogsData.framework */ = {isa = PBXFileReference; explicitFileType = wrapper.framework; path = DiscogsData.framework; sourceTree = BUILT_PRODUCTS_DIR; };
		290D17982CF12399006702B4 /* DiscogsDataSource.framework */ = {isa = PBXFileReference; explicitFileType = wrapper.framework; path = DiscogsDataSource.framework; sourceTree = BUILT_PRODUCTS_DIR; };
		290D179B2CF1239E006702B4 /* DiscogsEntities.framework */ = {isa = PBXFileReference; explicitFileType = wrapper.framework; path = DiscogsEntities.framework; sourceTree = BUILT_PRODUCTS_DIR; };
		290D179E2CF123A1006702B4 /* DiscogsLocalizable.framework */ = {isa = PBXFileReference; explicitFileType = wrapper.framework; path = DiscogsLocalizable.framework; sourceTree = BUILT_PRODUCTS_DIR; };
		290D17A12CF123A6006702B4 /* DiscogsUI.framework */ = {isa = PBXFileReference; explicitFileType = wrapper.framework; path = DiscogsUI.framework; sourceTree = BUILT_PRODUCTS_DIR; };
		290D17A42CF123AD006702B4 /* DiscogsUI.framework */ = {isa = PBXFileReference; explicitFileType = wrapper.framework; path = DiscogsUI.framework; sourceTree = BUILT_PRODUCTS_DIR; };
		290D17A72CF123B2006702B4 /* DiscogsUsecases.framework */ = {isa = PBXFileReference; explicitFileType = wrapper.framework; path = DiscogsUsecases.framework; sourceTree = BUILT_PRODUCTS_DIR; };
		290D17AA2CF123B8006702B4 /* DiscogsUtils.framework */ = {isa = PBXFileReference; explicitFileType = wrapper.framework; path = DiscogsUtils.framework; sourceTree = BUILT_PRODUCTS_DIR; };
		290D17AD2CF123BE006702B4 /* NetworkCore.framework */ = {isa = PBXFileReference; explicitFileType = wrapper.framework; path = NetworkCore.framework; sourceTree = BUILT_PRODUCTS_DIR; };
		290D180E2CF1A38D006702B4 /* Preview Assets.xcassets */ = {isa = PBXFileReference; lastKnownFileType = folder.assetcatalog; path = "Preview Assets.xcassets"; sourceTree = "<group>"; };
		290D18102CF1A38D006702B4 /* Assets.xcassets */ = {isa = PBXFileReference; lastKnownFileType = folder.assetcatalog; path = Assets.xcassets; sourceTree = "<group>"; };
		290D18132CF1A38D006702B4 /* DiscogsAppApp.swift */ = {isa = PBXFileReference; lastKnownFileType = sourcecode.swift; path = DiscogsAppApp.swift; sourceTree = "<group>"; };
		290D181B2CF1A397006702B4 /* AppDelegate.swift */ = {isa = PBXFileReference; lastKnownFileType = sourcecode.swift; path = AppDelegate.swift; sourceTree = "<group>"; };
		290D181E2CF1A3C4006702B4 /* APIConfig.swift */ = {isa = PBXFileReference; lastKnownFileType = sourcecode.swift; path = APIConfig.swift; sourceTree = "<group>"; };
		290D18202CF1A3F1006702B4 /* APIBundle.swift */ = {isa = PBXFileReference; lastKnownFileType = sourcecode.swift; path = APIBundle.swift; sourceTree = "<group>"; };
		290D18332CF2A882006702B4 /* SarchArtistView.swift */ = {isa = PBXFileReference; lastKnownFileType = sourcecode.swift; path = SarchArtistView.swift; sourceTree = "<group>"; };
		290D18352CF2A8D3006702B4 /* SearchArtistViewModel.swift */ = {isa = PBXFileReference; lastKnownFileType = sourcecode.swift; path = SearchArtistViewModel.swift; sourceTree = "<group>"; };
		290D18392CF2BFFF006702B4 /* SearchViewModelDependencies.swift */ = {isa = PBXFileReference; lastKnownFileType = sourcecode.swift; path = SearchViewModelDependencies.swift; sourceTree = "<group>"; };
		290D183B2CF2C0A4006702B4 /* SearchArtistFactory.swift */ = {isa = PBXFileReference; lastKnownFileType = sourcecode.swift; path = SearchArtistFactory.swift; sourceTree = "<group>"; };
/* End PBXFileReference section */

/* Begin PBXFileSystemSynchronizedRootGroup section */
		290D164E2CF11F12006702B4 /* DiscogsAppTests */ = {
			isa = PBXFileSystemSynchronizedRootGroup;
			path = DiscogsAppTests;
			sourceTree = "<group>";
		};
		290D16582CF11F12006702B4 /* DiscogsAppUITests */ = {
			isa = PBXFileSystemSynchronizedRootGroup;
			path = DiscogsAppUITests;
			sourceTree = "<group>";
		};
/* End PBXFileSystemSynchronizedRootGroup section */

/* Begin PBXFrameworksBuildPhase section */
		290D16382CF11F12006702B4 /* Frameworks */ = {
			isa = PBXFrameworksBuildPhase;
			buildActionMask = 2147483647;
			files = (
				290D17A82CF123B2006702B4 /* DiscogsUsecases.framework in Frameworks */,
				290D17992CF12399006702B4 /* DiscogsDataSource.framework in Frameworks */,
				290D17AE2CF123BE006702B4 /* NetworkCore.framework in Frameworks */,
				290D17A22CF123A6006702B4 /* DiscogsUI.framework in Frameworks */,
				290D179C2CF1239E006702B4 /* DiscogsEntities.framework in Frameworks */,
				290D17A52CF123AD006702B4 /* DiscogsUI.framework in Frameworks */,
				290D179F2CF123A1006702B4 /* DiscogsLocalizable.framework in Frameworks */,
				290D17952CF12395006702B4 /* DiscogsData.framework in Frameworks */,
				290D17AB2CF123B8006702B4 /* DiscogsUtils.framework in Frameworks */,
			);
			runOnlyForDeploymentPostprocessing = 0;
		};
		290D16482CF11F12006702B4 /* Frameworks */ = {
			isa = PBXFrameworksBuildPhase;
			buildActionMask = 2147483647;
			files = (
			);
			runOnlyForDeploymentPostprocessing = 0;
		};
		290D16522CF11F12006702B4 /* Frameworks */ = {
			isa = PBXFrameworksBuildPhase;
			buildActionMask = 2147483647;
			files = (
			);
			runOnlyForDeploymentPostprocessing = 0;
		};
/* End PBXFrameworksBuildPhase section */

/* Begin PBXGroup section */
		290D16322CF11F12006702B4 = {
			isa = PBXGroup;
			children = (
				290D18142CF1A38D006702B4 /* DiscogsApp */,
				290D164E2CF11F12006702B4 /* DiscogsAppTests */,
				290D16582CF11F12006702B4 /* DiscogsAppUITests */,
				290D17932CF12395006702B4 /* Frameworks */,
				290D163C2CF11F12006702B4 /* Products */,
			);
			sourceTree = "<group>";
		};
		290D163C2CF11F12006702B4 /* Products */ = {
			isa = PBXGroup;
			children = (
				290D163B2CF11F12006702B4 /* DiscogsApp.app */,
				290D164B2CF11F12006702B4 /* DiscogsAppTests.xctest */,
				290D16552CF11F12006702B4 /* DiscogsAppUITests.xctest */,
			);
			name = Products;
			sourceTree = "<group>";
		};
		290D17932CF12395006702B4 /* Frameworks */ = {
			isa = PBXGroup;
			children = (
				290D17AD2CF123BE006702B4 /* NetworkCore.framework */,
				290D17AA2CF123B8006702B4 /* DiscogsUtils.framework */,
				290D17A72CF123B2006702B4 /* DiscogsUsecases.framework */,
				290D17A42CF123AD006702B4 /* DiscogsUI.framework */,
				290D17A12CF123A6006702B4 /* DiscogsUI.framework */,
				290D179E2CF123A1006702B4 /* DiscogsLocalizable.framework */,
				290D179B2CF1239E006702B4 /* DiscogsEntities.framework */,
				290D17982CF12399006702B4 /* DiscogsDataSource.framework */,
				290D17942CF12395006702B4 /* DiscogsData.framework */,
			);
			name = Frameworks;
			sourceTree = "<group>";
		};
		290D180F2CF1A38D006702B4 /* Preview Content */ = {
			isa = PBXGroup;
			children = (
				290D180E2CF1A38D006702B4 /* Preview Assets.xcassets */,
			);
			path = "Preview Content";
			sourceTree = "<group>";
		};
		290D18142CF1A38D006702B4 /* DiscogsApp */ = {
			isa = PBXGroup;
			children = (
				290D18222CF29E49006702B4 /* Scenes */,
				290D181A2CF1A391006702B4 /* Configuration */,
				290D180F2CF1A38D006702B4 /* Preview Content */,
				290D18102CF1A38D006702B4 /* Assets.xcassets */,
				290D18132CF1A38D006702B4 /* DiscogsAppApp.swift */,
			);
			path = DiscogsApp;
			sourceTree = "<group>";
		};
		290D181A2CF1A391006702B4 /* Configuration */ = {
			isa = PBXGroup;
			children = (
				290D181D2CF1A3B4006702B4 /* Network */,
				290D181B2CF1A397006702B4 /* AppDelegate.swift */,
			);
			path = Configuration;
			sourceTree = "<group>";
		};
		290D181D2CF1A3B4006702B4 /* Network */ = {
			isa = PBXGroup;
			children = (
				290D181E2CF1A3C4006702B4 /* APIConfig.swift */,
				290D18202CF1A3F1006702B4 /* APIBundle.swift */,
			);
			path = Network;
			sourceTree = "<group>";
		};
		290D18222CF29E49006702B4 /* Scenes */ = {
			isa = PBXGroup;
			children = (
				290D18232CF29E50006702B4 /* SearchArtist */,
			);
			path = Scenes;
			sourceTree = "<group>";
		};
		290D18232CF29E50006702B4 /* SearchArtist */ = {
			isa = PBXGroup;
			children = (
				290D18332CF2A882006702B4 /* SarchArtistView.swift */,
				290D18352CF2A8D3006702B4 /* SearchArtistViewModel.swift */,
				290D18392CF2BFFF006702B4 /* SearchViewModelDependencies.swift */,
				290D183B2CF2C0A4006702B4 /* SearchArtistFactory.swift */,
			);
			path = SearchArtist;
			sourceTree = "<group>";
		};
/* End PBXGroup section */

/* Begin PBXNativeTarget section */
		290D163A2CF11F12006702B4 /* DiscogsApp */ = {
			isa = PBXNativeTarget;
			buildConfigurationList = 290D165F2CF11F12006702B4 /* Build configuration list for PBXNativeTarget "DiscogsApp" */;
			buildPhases = (
				290D16372CF11F12006702B4 /* Sources */,
				290D16382CF11F12006702B4 /* Frameworks */,
				290D16392CF11F12006702B4 /* Resources */,
				290D17972CF12395006702B4 /* Embed Frameworks */,
			);
			buildRules = (
			);
			dependencies = (
			);
			name = DiscogsApp;
			packageProductDependencies = (
			);
			productName = DiscogsApp;
			productReference = 290D163B2CF11F12006702B4 /* DiscogsApp.app */;
			productType = "com.apple.product-type.application";
		};
		290D164A2CF11F12006702B4 /* DiscogsAppTests */ = {
			isa = PBXNativeTarget;
			buildConfigurationList = 290D16622CF11F12006702B4 /* Build configuration list for PBXNativeTarget "DiscogsAppTests" */;
			buildPhases = (
				290D16472CF11F12006702B4 /* Sources */,
				290D16482CF11F12006702B4 /* Frameworks */,
				290D16492CF11F12006702B4 /* Resources */,
			);
			buildRules = (
			);
			dependencies = (
				290D164D2CF11F12006702B4 /* PBXTargetDependency */,
			);
			fileSystemSynchronizedGroups = (
				290D164E2CF11F12006702B4 /* DiscogsAppTests */,
			);
			name = DiscogsAppTests;
			packageProductDependencies = (
			);
			productName = DiscogsAppTests;
			productReference = 290D164B2CF11F12006702B4 /* DiscogsAppTests.xctest */;
			productType = "com.apple.product-type.bundle.unit-test";
		};
		290D16542CF11F12006702B4 /* DiscogsAppUITests */ = {
			isa = PBXNativeTarget;
			buildConfigurationList = 290D16652CF11F12006702B4 /* Build configuration list for PBXNativeTarget "DiscogsAppUITests" */;
			buildPhases = (
				290D16512CF11F12006702B4 /* Sources */,
				290D16522CF11F12006702B4 /* Frameworks */,
				290D16532CF11F12006702B4 /* Resources */,
			);
			buildRules = (
			);
			dependencies = (
				290D16572CF11F12006702B4 /* PBXTargetDependency */,
			);
			fileSystemSynchronizedGroups = (
				290D16582CF11F12006702B4 /* DiscogsAppUITests */,
			);
			name = DiscogsAppUITests;
			packageProductDependencies = (
			);
			productName = DiscogsAppUITests;
			productReference = 290D16552CF11F12006702B4 /* DiscogsAppUITests.xctest */;
			productType = "com.apple.product-type.bundle.ui-testing";
		};
/* End PBXNativeTarget section */

/* Begin PBXProject section */
		290D16332CF11F12006702B4 /* Project object */ = {
			isa = PBXProject;
			attributes = {
				BuildIndependentTargetsInParallel = 1;
				LastSwiftUpdateCheck = 1610;
				LastUpgradeCheck = 1610;
				TargetAttributes = {
					290D163A2CF11F12006702B4 = {
						CreatedOnToolsVersion = 16.1;
					};
					290D164A2CF11F12006702B4 = {
						CreatedOnToolsVersion = 16.1;
						TestTargetID = 290D163A2CF11F12006702B4;
					};
					290D16542CF11F12006702B4 = {
						CreatedOnToolsVersion = 16.1;
						TestTargetID = 290D163A2CF11F12006702B4;
					};
				};
			};
			buildConfigurationList = 290D16362CF11F12006702B4 /* Build configuration list for PBXProject "DiscogsApp" */;
			developmentRegion = en;
			hasScannedForEncodings = 0;
			knownRegions = (
				en,
				Base,
			);
			mainGroup = 290D16322CF11F12006702B4;
			minimizedProjectReferenceProxies = 1;
			preferredProjectObjectVersion = 77;
			productRefGroup = 290D163C2CF11F12006702B4 /* Products */;
			projectDirPath = "";
			projectRoot = "";
			targets = (
				290D163A2CF11F12006702B4 /* DiscogsApp */,
				290D164A2CF11F12006702B4 /* DiscogsAppTests */,
				290D16542CF11F12006702B4 /* DiscogsAppUITests */,
			);
		};
/* End PBXProject section */

/* Begin PBXResourcesBuildPhase section */
		290D16392CF11F12006702B4 /* Resources */ = {
			isa = PBXResourcesBuildPhase;
			buildActionMask = 2147483647;
			files = (
				290D18182CF1A38D006702B4 /* Preview Assets.xcassets in Resources */,
				290D18192CF1A38D006702B4 /* Assets.xcassets in Resources */,
			);
			runOnlyForDeploymentPostprocessing = 0;
		};
		290D16492CF11F12006702B4 /* Resources */ = {
			isa = PBXResourcesBuildPhase;
			buildActionMask = 2147483647;
			files = (
			);
			runOnlyForDeploymentPostprocessing = 0;
		};
		290D16532CF11F12006702B4 /* Resources */ = {
			isa = PBXResourcesBuildPhase;
			buildActionMask = 2147483647;
			files = (
			);
			runOnlyForDeploymentPostprocessing = 0;
		};
/* End PBXResourcesBuildPhase section */

/* Begin PBXSourcesBuildPhase section */
		290D16372CF11F12006702B4 /* Sources */ = {
			isa = PBXSourcesBuildPhase;
			buildActionMask = 2147483647;
			files = (
				290D18212CF1A3F1006702B4 /* APIBundle.swift in Sources */,
				290D183C2CF2C0A4006702B4 /* SearchArtistFactory.swift in Sources */,
				290D183A2CF2BFFF006702B4 /* SearchViewModelDependencies.swift in Sources */,
				290D181C2CF1A397006702B4 /* AppDelegate.swift in Sources */,
				290D18342CF2A882006702B4 /* SarchArtistView.swift in Sources */,
				290D18172CF1A38D006702B4 /* DiscogsAppApp.swift in Sources */,
				290D181F2CF1A3C4006702B4 /* APIConfig.swift in Sources */,
				290D18362CF2A8D3006702B4 /* SearchArtistViewModel.swift in Sources */,
			);
			runOnlyForDeploymentPostprocessing = 0;
		};
		290D16472CF11F12006702B4 /* Sources */ = {
			isa = PBXSourcesBuildPhase;
			buildActionMask = 2147483647;
			files = (
			);
			runOnlyForDeploymentPostprocessing = 0;
		};
		290D16512CF11F12006702B4 /* Sources */ = {
			isa = PBXSourcesBuildPhase;
			buildActionMask = 2147483647;
			files = (
			);
			runOnlyForDeploymentPostprocessing = 0;
		};
/* End PBXSourcesBuildPhase section */

/* Begin PBXTargetDependency section */
		290D164D2CF11F12006702B4 /* PBXTargetDependency */ = {
			isa = PBXTargetDependency;
			target = 290D163A2CF11F12006702B4 /* DiscogsApp */;
			targetProxy = 290D164C2CF11F12006702B4 /* PBXContainerItemProxy */;
		};
		290D16572CF11F12006702B4 /* PBXTargetDependency */ = {
			isa = PBXTargetDependency;
			target = 290D163A2CF11F12006702B4 /* DiscogsApp */;
			targetProxy = 290D16562CF11F12006702B4 /* PBXContainerItemProxy */;
		};
/* End PBXTargetDependency section */

/* Begin XCBuildConfiguration section */
		290D165D2CF11F12006702B4 /* Debug */ = {
			isa = XCBuildConfiguration;
			buildSettings = {
				ALWAYS_SEARCH_USER_PATHS = NO;
				ASSETCATALOG_COMPILER_GENERATE_SWIFT_ASSET_SYMBOL_EXTENSIONS = YES;
				CLANG_ANALYZER_NONNULL = YES;
				CLANG_ANALYZER_NUMBER_OBJECT_CONVERSION = YES_AGGRESSIVE;
				CLANG_CXX_LANGUAGE_STANDARD = "gnu++20";
				CLANG_ENABLE_MODULES = YES;
				CLANG_ENABLE_OBJC_ARC = YES;
				CLANG_ENABLE_OBJC_WEAK = YES;
				CLANG_WARN_BLOCK_CAPTURE_AUTORELEASING = YES;
				CLANG_WARN_BOOL_CONVERSION = YES;
				CLANG_WARN_COMMA = YES;
				CLANG_WARN_CONSTANT_CONVERSION = YES;
				CLANG_WARN_DEPRECATED_OBJC_IMPLEMENTATIONS = YES;
				CLANG_WARN_DIRECT_OBJC_ISA_USAGE = YES_ERROR;
				CLANG_WARN_DOCUMENTATION_COMMENTS = YES;
				CLANG_WARN_EMPTY_BODY = YES;
				CLANG_WARN_ENUM_CONVERSION = YES;
				CLANG_WARN_INFINITE_RECURSION = YES;
				CLANG_WARN_INT_CONVERSION = YES;
				CLANG_WARN_NON_LITERAL_NULL_CONVERSION = YES;
				CLANG_WARN_OBJC_IMPLICIT_RETAIN_SELF = YES;
				CLANG_WARN_OBJC_LITERAL_CONVERSION = YES;
				CLANG_WARN_OBJC_ROOT_CLASS = YES_ERROR;
				CLANG_WARN_QUOTED_INCLUDE_IN_FRAMEWORK_HEADER = YES;
				CLANG_WARN_RANGE_LOOP_ANALYSIS = YES;
				CLANG_WARN_STRICT_PROTOTYPES = YES;
				CLANG_WARN_SUSPICIOUS_MOVE = YES;
				CLANG_WARN_UNGUARDED_AVAILABILITY = YES_AGGRESSIVE;
				CLANG_WARN_UNREACHABLE_CODE = YES;
				CLANG_WARN__DUPLICATE_METHOD_MATCH = YES;
				COPY_PHASE_STRIP = NO;
				DEBUG_INFORMATION_FORMAT = dwarf;
				ENABLE_STRICT_OBJC_MSGSEND = YES;
				ENABLE_TESTABILITY = YES;
				ENABLE_USER_SCRIPT_SANDBOXING = YES;
				GCC_C_LANGUAGE_STANDARD = gnu17;
				GCC_DYNAMIC_NO_PIC = NO;
				GCC_NO_COMMON_BLOCKS = YES;
				GCC_OPTIMIZATION_LEVEL = 0;
				GCC_PREPROCESSOR_DEFINITIONS = (
					"DEBUG=1",
					"$(inherited)",
				);
				GCC_WARN_64_TO_32_BIT_CONVERSION = YES;
				GCC_WARN_ABOUT_RETURN_TYPE = YES_ERROR;
				GCC_WARN_UNDECLARED_SELECTOR = YES;
				GCC_WARN_UNINITIALIZED_AUTOS = YES_AGGRESSIVE;
				GCC_WARN_UNUSED_FUNCTION = YES;
				GCC_WARN_UNUSED_VARIABLE = YES;
				IPHONEOS_DEPLOYMENT_TARGET = 18.1;
				LOCALIZATION_PREFERS_STRING_CATALOGS = YES;
				MTL_ENABLE_DEBUG_INFO = INCLUDE_SOURCE;
				MTL_FAST_MATH = YES;
				ONLY_ACTIVE_ARCH = YES;
				SDKROOT = iphoneos;
				SWIFT_ACTIVE_COMPILATION_CONDITIONS = "DEBUG $(inherited)";
				SWIFT_OPTIMIZATION_LEVEL = "-Onone";
			};
			name = Debug;
		};
		290D165E2CF11F12006702B4 /* Release */ = {
			isa = XCBuildConfiguration;
			buildSettings = {
				ALWAYS_SEARCH_USER_PATHS = NO;
				ASSETCATALOG_COMPILER_GENERATE_SWIFT_ASSET_SYMBOL_EXTENSIONS = YES;
				CLANG_ANALYZER_NONNULL = YES;
				CLANG_ANALYZER_NUMBER_OBJECT_CONVERSION = YES_AGGRESSIVE;
				CLANG_CXX_LANGUAGE_STANDARD = "gnu++20";
				CLANG_ENABLE_MODULES = YES;
				CLANG_ENABLE_OBJC_ARC = YES;
				CLANG_ENABLE_OBJC_WEAK = YES;
				CLANG_WARN_BLOCK_CAPTURE_AUTORELEASING = YES;
				CLANG_WARN_BOOL_CONVERSION = YES;
				CLANG_WARN_COMMA = YES;
				CLANG_WARN_CONSTANT_CONVERSION = YES;
				CLANG_WARN_DEPRECATED_OBJC_IMPLEMENTATIONS = YES;
				CLANG_WARN_DIRECT_OBJC_ISA_USAGE = YES_ERROR;
				CLANG_WARN_DOCUMENTATION_COMMENTS = YES;
				CLANG_WARN_EMPTY_BODY = YES;
				CLANG_WARN_ENUM_CONVERSION = YES;
				CLANG_WARN_INFINITE_RECURSION = YES;
				CLANG_WARN_INT_CONVERSION = YES;
				CLANG_WARN_NON_LITERAL_NULL_CONVERSION = YES;
				CLANG_WARN_OBJC_IMPLICIT_RETAIN_SELF = YES;
				CLANG_WARN_OBJC_LITERAL_CONVERSION = YES;
				CLANG_WARN_OBJC_ROOT_CLASS = YES_ERROR;
				CLANG_WARN_QUOTED_INCLUDE_IN_FRAMEWORK_HEADER = YES;
				CLANG_WARN_RANGE_LOOP_ANALYSIS = YES;
				CLANG_WARN_STRICT_PROTOTYPES = YES;
				CLANG_WARN_SUSPICIOUS_MOVE = YES;
				CLANG_WARN_UNGUARDED_AVAILABILITY = YES_AGGRESSIVE;
				CLANG_WARN_UNREACHABLE_CODE = YES;
				CLANG_WARN__DUPLICATE_METHOD_MATCH = YES;
				COPY_PHASE_STRIP = NO;
				DEBUG_INFORMATION_FORMAT = "dwarf-with-dsym";
				ENABLE_NS_ASSERTIONS = NO;
				ENABLE_STRICT_OBJC_MSGSEND = YES;
				ENABLE_USER_SCRIPT_SANDBOXING = YES;
				GCC_C_LANGUAGE_STANDARD = gnu17;
				GCC_NO_COMMON_BLOCKS = YES;
				GCC_WARN_64_TO_32_BIT_CONVERSION = YES;
				GCC_WARN_ABOUT_RETURN_TYPE = YES_ERROR;
				GCC_WARN_UNDECLARED_SELECTOR = YES;
				GCC_WARN_UNINITIALIZED_AUTOS = YES_AGGRESSIVE;
				GCC_WARN_UNUSED_FUNCTION = YES;
				GCC_WARN_UNUSED_VARIABLE = YES;
				IPHONEOS_DEPLOYMENT_TARGET = 18.1;
				LOCALIZATION_PREFERS_STRING_CATALOGS = YES;
				MTL_ENABLE_DEBUG_INFO = NO;
				MTL_FAST_MATH = YES;
				SDKROOT = iphoneos;
				SWIFT_COMPILATION_MODE = wholemodule;
				VALIDATE_PRODUCT = YES;
			};
			name = Release;
		};
		290D16602CF11F12006702B4 /* Debug */ = {
			isa = XCBuildConfiguration;
			buildSettings = {
				ASSETCATALOG_COMPILER_APPICON_NAME = AppIcon;
				ASSETCATALOG_COMPILER_GLOBAL_ACCENT_COLOR_NAME = AccentColor;
				CODE_SIGN_STYLE = Automatic;
				CURRENT_PROJECT_VERSION = 1;
				DEVELOPMENT_ASSET_PATHS = "\"DiscogsApp/Preview Content\"";
				ENABLE_PREVIEWS = YES;
				GENERATE_INFOPLIST_FILE = YES;
				INFOPLIST_KEY_UIApplicationSceneManifest_Generation = YES;
				INFOPLIST_KEY_UIApplicationSupportsIndirectInputEvents = YES;
				INFOPLIST_KEY_UILaunchScreen_Generation = YES;
				INFOPLIST_KEY_UISupportedInterfaceOrientations = UIInterfaceOrientationPortrait;
				IPHONEOS_DEPLOYMENT_TARGET = 15.6;
				LD_RUNPATH_SEARCH_PATHS = (
					"$(inherited)",
					"@executable_path/Frameworks",
				);
				MARKETING_VERSION = 1.0;
				PRODUCT_BUNDLE_IDENTIFIER = com.andres.DiscogsApp;
				PRODUCT_NAME = "$(TARGET_NAME)";
				SWIFT_EMIT_LOC_STRINGS = YES;
				SWIFT_VERSION = 5.0;
				TARGETED_DEVICE_FAMILY = "1,2";
			};
			name = Debug;
		};
		290D16612CF11F12006702B4 /* Release */ = {
			isa = XCBuildConfiguration;
			buildSettings = {
				ASSETCATALOG_COMPILER_APPICON_NAME = AppIcon;
				ASSETCATALOG_COMPILER_GLOBAL_ACCENT_COLOR_NAME = AccentColor;
				CODE_SIGN_STYLE = Automatic;
				CURRENT_PROJECT_VERSION = 1;
				DEVELOPMENT_ASSET_PATHS = "\"DiscogsApp/Preview Content\"";
				ENABLE_PREVIEWS = YES;
				GENERATE_INFOPLIST_FILE = YES;
				INFOPLIST_KEY_UIApplicationSceneManifest_Generation = YES;
				INFOPLIST_KEY_UIApplicationSupportsIndirectInputEvents = YES;
				INFOPLIST_KEY_UILaunchScreen_Generation = YES;
				INFOPLIST_KEY_UISupportedInterfaceOrientations = UIInterfaceOrientationPortrait;
				IPHONEOS_DEPLOYMENT_TARGET = 15.6;
				LD_RUNPATH_SEARCH_PATHS = (
					"$(inherited)",
					"@executable_path/Frameworks",
				);
				MARKETING_VERSION = 1.0;
				PRODUCT_BUNDLE_IDENTIFIER = com.andres.DiscogsApp;
				PRODUCT_NAME = "$(TARGET_NAME)";
				SWIFT_EMIT_LOC_STRINGS = YES;
				SWIFT_VERSION = 5.0;
				TARGETED_DEVICE_FAMILY = "1,2";
			};
			name = Release;
		};
		290D16632CF11F12006702B4 /* Debug */ = {
			isa = XCBuildConfiguration;
			buildSettings = {
				BUNDLE_LOADER = "$(TEST_HOST)";
				CODE_SIGN_STYLE = Automatic;
				CURRENT_PROJECT_VERSION = 1;
				GENERATE_INFOPLIST_FILE = YES;
				IPHONEOS_DEPLOYMENT_TARGET = 18.1;
				MARKETING_VERSION = 1.0;
				PRODUCT_BUNDLE_IDENTIFIER = com.andres.DiscogsAppTests;
				PRODUCT_NAME = "$(TARGET_NAME)";
				SWIFT_EMIT_LOC_STRINGS = NO;
				SWIFT_VERSION = 5.0;
				TARGETED_DEVICE_FAMILY = "1,2";
				TEST_HOST = "$(BUILT_PRODUCTS_DIR)/DiscogsApp.app/$(BUNDLE_EXECUTABLE_FOLDER_PATH)/DiscogsApp";
			};
			name = Debug;
		};
		290D16642CF11F12006702B4 /* Release */ = {
			isa = XCBuildConfiguration;
			buildSettings = {
				BUNDLE_LOADER = "$(TEST_HOST)";
				CODE_SIGN_STYLE = Automatic;
				CURRENT_PROJECT_VERSION = 1;
				GENERATE_INFOPLIST_FILE = YES;
				IPHONEOS_DEPLOYMENT_TARGET = 18.1;
				MARKETING_VERSION = 1.0;
				PRODUCT_BUNDLE_IDENTIFIER = com.andres.DiscogsAppTests;
				PRODUCT_NAME = "$(TARGET_NAME)";
				SWIFT_EMIT_LOC_STRINGS = NO;
				SWIFT_VERSION = 5.0;
				TARGETED_DEVICE_FAMILY = "1,2";
				TEST_HOST = "$(BUILT_PRODUCTS_DIR)/DiscogsApp.app/$(BUNDLE_EXECUTABLE_FOLDER_PATH)/DiscogsApp";
			};
			name = Release;
		};
		290D16662CF11F12006702B4 /* Debug */ = {
			isa = XCBuildConfiguration;
			buildSettings = {
				CODE_SIGN_STYLE = Automatic;
				CURRENT_PROJECT_VERSION = 1;
				GENERATE_INFOPLIST_FILE = YES;
				MARKETING_VERSION = 1.0;
				PRODUCT_BUNDLE_IDENTIFIER = com.andres.DiscogsAppUITests;
				PRODUCT_NAME = "$(TARGET_NAME)";
				SWIFT_EMIT_LOC_STRINGS = NO;
				SWIFT_VERSION = 5.0;
				TARGETED_DEVICE_FAMILY = "1,2";
				TEST_TARGET_NAME = DiscogsApp;
			};
			name = Debug;
		};
		290D16672CF11F12006702B4 /* Release */ = {
			isa = XCBuildConfiguration;
			buildSettings = {
				CODE_SIGN_STYLE = Automatic;
				CURRENT_PROJECT_VERSION = 1;
				GENERATE_INFOPLIST_FILE = YES;
				MARKETING_VERSION = 1.0;
				PRODUCT_BUNDLE_IDENTIFIER = com.andres.DiscogsAppUITests;
				PRODUCT_NAME = "$(TARGET_NAME)";
				SWIFT_EMIT_LOC_STRINGS = NO;
				SWIFT_VERSION = 5.0;
				TARGETED_DEVICE_FAMILY = "1,2";
				TEST_TARGET_NAME = DiscogsApp;
			};
			name = Release;
		};
/* End XCBuildConfiguration section */

/* Begin XCConfigurationList section */
		290D16362CF11F12006702B4 /* Build configuration list for PBXProject "DiscogsApp" */ = {
			isa = XCConfigurationList;
			buildConfigurations = (
				290D165D2CF11F12006702B4 /* Debug */,
				290D165E2CF11F12006702B4 /* Release */,
			);
			defaultConfigurationIsVisible = 0;
			defaultConfigurationName = Release;
		};
		290D165F2CF11F12006702B4 /* Build configuration list for PBXNativeTarget "DiscogsApp" */ = {
			isa = XCConfigurationList;
			buildConfigurations = (
				290D16602CF11F12006702B4 /* Debug */,
				290D16612CF11F12006702B4 /* Release */,
			);
			defaultConfigurationIsVisible = 0;
			defaultConfigurationName = Release;
		};
		290D16622CF11F12006702B4 /* Build configuration list for PBXNativeTarget "DiscogsAppTests" */ = {
			isa = XCConfigurationList;
			buildConfigurations = (
				290D16632CF11F12006702B4 /* Debug */,
				290D16642CF11F12006702B4 /* Release */,
			);
			defaultConfigurationIsVisible = 0;
			defaultConfigurationName = Release;
		};
		290D16652CF11F12006702B4 /* Build configuration list for PBXNativeTarget "DiscogsAppUITests" */ = {
			isa = XCConfigurationList;
			buildConfigurations = (
				290D16662CF11F12006702B4 /* Debug */,
				290D16672CF11F12006702B4 /* Release */,
			);
			defaultConfigurationIsVisible = 0;
			defaultConfigurationName = Release;
		};
/* End XCConfigurationList section */
	};
	rootObject = 290D16332CF11F12006702B4 /* Project object */;
}
