// !$*UTF8*$!
{
	archiveVersion = 1;
	classes = {
	};
	objectVersion = 77;
	objects = {

/* Begin PBXBuildFile section */
		297F4B8B2CF51A5B00BC902A /* AppDelegate.swift in Sources */ = {isa = PBXBuildFile; fileRef = 297F4B812CF51A5B00BC902A /* AppDelegate.swift */; };
		297F4B8E2CF51A5B00BC902A /* Assets.xcassets in Resources */ = {isa = PBXBuildFile; fileRef = 297F4B822CF51A5B00BC902A /* Assets.xcassets */; };
		297F4B902CF51A5B00BC902A /* LaunchScreen.storyboard in Resources */ = {isa = PBXBuildFile; fileRef = 297F4B852CF51A5B00BC902A /* LaunchScreen.storyboard */; };
		297F4BB12CF51AA900BC902A /* ArtistView.swift in Sources */ = {isa = PBXBuildFile; fileRef = 297F4BA72CF51AA900BC902A /* ArtistView.swift */; };
		297F4BB22CF51AA900BC902A /* SearchArtistFactory.swift in Sources */ = {isa = PBXBuildFile; fileRef = 297F4BAC2CF51AA900BC902A /* SearchArtistFactory.swift */; };
		297F4BB32CF51AA900BC902A /* SarchArtistView.swift in Sources */ = {isa = PBXBuildFile; fileRef = 297F4BAA2CF51AA900BC902A /* SarchArtistView.swift */; };
		297F4BB42CF51AA900BC902A /* ArtistDependencies.swift in Sources */ = {isa = PBXBuildFile; fileRef = 297F4BA52CF51AA900BC902A /* ArtistDependencies.swift */; };
		297F4BB52CF51AA900BC902A /* SearchArtistCoordinator.swift in Sources */ = {isa = PBXBuildFile; fileRef = 297F4BAB2CF51AA900BC902A /* SearchArtistCoordinator.swift */; };
		297F4BB62CF51AA900BC902A /* SearchArtistViewModel.swift in Sources */ = {isa = PBXBuildFile; fileRef = 297F4BAE2CF51AA900BC902A /* SearchArtistViewModel.swift */; };
		297F4BB72CF51AA900BC902A /* SearchArtistRouter.swift in Sources */ = {isa = PBXBuildFile; fileRef = 297F4BAD2CF51AA900BC902A /* SearchArtistRouter.swift */; };
		297F4BB82CF51AA900BC902A /* ArtistFactory.swift in Sources */ = {isa = PBXBuildFile; fileRef = 297F4BA62CF51AA900BC902A /* ArtistFactory.swift */; };
		297F4BB92CF51AA900BC902A /* ArtistViewModel.swift in Sources */ = {isa = PBXBuildFile; fileRef = 297F4BA82CF51AA900BC902A /* ArtistViewModel.swift */; };
		297F4BBA2CF51AA900BC902A /* SearchViewModelDependencies.swift in Sources */ = {isa = PBXBuildFile; fileRef = 297F4BAF2CF51AA900BC902A /* SearchViewModelDependencies.swift */; };
		297F4BBF2CF51AD500BC902A /* APIBundle.swift in Sources */ = {isa = PBXBuildFile; fileRef = 297F4BBC2CF51AD500BC902A /* APIBundle.swift */; };
		297F4BC02CF51AD500BC902A /* APIConfig.swift in Sources */ = {isa = PBXBuildFile; fileRef = 297F4BBD2CF51AD500BC902A /* APIConfig.swift */; };
		297F4BC32CF51AED00BC902A /* DiscogsData.framework in Frameworks */ = {isa = PBXBuildFile; fileRef = 297F4BC22CF51AED00BC902A /* DiscogsData.framework */; };
		297F4BC42CF51AED00BC902A /* DiscogsData.framework in Embed Frameworks */ = {isa = PBXBuildFile; fileRef = 297F4BC22CF51AED00BC902A /* DiscogsData.framework */; settings = {ATTRIBUTES = (CodeSignOnCopy, RemoveHeadersOnCopy, ); }; };
		297F4BC72CF51AF000BC902A /* DiscogsDataSource.framework in Frameworks */ = {isa = PBXBuildFile; fileRef = 297F4BC62CF51AF000BC902A /* DiscogsDataSource.framework */; };
		297F4BC82CF51AF000BC902A /* DiscogsDataSource.framework in Embed Frameworks */ = {isa = PBXBuildFile; fileRef = 297F4BC62CF51AF000BC902A /* DiscogsDataSource.framework */; settings = {ATTRIBUTES = (CodeSignOnCopy, RemoveHeadersOnCopy, ); }; };
		297F4BCA2CF51AF500BC902A /* DiscogsEntities.framework in Frameworks */ = {isa = PBXBuildFile; fileRef = 297F4BC92CF51AF500BC902A /* DiscogsEntities.framework */; };
		297F4BCB2CF51AF500BC902A /* DiscogsEntities.framework in Embed Frameworks */ = {isa = PBXBuildFile; fileRef = 297F4BC92CF51AF500BC902A /* DiscogsEntities.framework */; settings = {ATTRIBUTES = (CodeSignOnCopy, RemoveHeadersOnCopy, ); }; };
		297F4BCD2CF51AF800BC902A /* DiscogsLocalizable.framework in Frameworks */ = {isa = PBXBuildFile; fileRef = 297F4BCC2CF51AF800BC902A /* DiscogsLocalizable.framework */; };
		297F4BCE2CF51AF800BC902A /* DiscogsLocalizable.framework in Embed Frameworks */ = {isa = PBXBuildFile; fileRef = 297F4BCC2CF51AF800BC902A /* DiscogsLocalizable.framework */; settings = {ATTRIBUTES = (CodeSignOnCopy, RemoveHeadersOnCopy, ); }; };
		297F4BD02CF51AFB00BC902A /* DiscogsUI.framework in Frameworks */ = {isa = PBXBuildFile; fileRef = 297F4BCF2CF51AFB00BC902A /* DiscogsUI.framework */; };
		297F4BD12CF51AFB00BC902A /* DiscogsUI.framework in Embed Frameworks */ = {isa = PBXBuildFile; fileRef = 297F4BCF2CF51AFB00BC902A /* DiscogsUI.framework */; settings = {ATTRIBUTES = (CodeSignOnCopy, RemoveHeadersOnCopy, ); }; };
		297F4BD32CF51B0100BC902A /* DiscogsUsecases.framework in Frameworks */ = {isa = PBXBuildFile; fileRef = 297F4BD22CF51B0100BC902A /* DiscogsUsecases.framework */; };
		297F4BD42CF51B0100BC902A /* DiscogsUsecases.framework in Embed Frameworks */ = {isa = PBXBuildFile; fileRef = 297F4BD22CF51B0100BC902A /* DiscogsUsecases.framework */; settings = {ATTRIBUTES = (CodeSignOnCopy, RemoveHeadersOnCopy, ); }; };
		297F4BD62CF51B0400BC902A /* DiscogsUtils.framework in Frameworks */ = {isa = PBXBuildFile; fileRef = 297F4BD52CF51B0400BC902A /* DiscogsUtils.framework */; };
		297F4BD72CF51B0400BC902A /* DiscogsUtils.framework in Embed Frameworks */ = {isa = PBXBuildFile; fileRef = 297F4BD52CF51B0400BC902A /* DiscogsUtils.framework */; settings = {ATTRIBUTES = (CodeSignOnCopy, RemoveHeadersOnCopy, ); }; };
		297F4BD92CF51B0900BC902A /* NetworkCore.framework in Frameworks */ = {isa = PBXBuildFile; fileRef = 297F4BD82CF51B0900BC902A /* NetworkCore.framework */; };
		297F4BDA2CF51B0900BC902A /* NetworkCore.framework in Embed Frameworks */ = {isa = PBXBuildFile; fileRef = 297F4BD82CF51B0900BC902A /* NetworkCore.framework */; settings = {ATTRIBUTES = (CodeSignOnCopy, RemoveHeadersOnCopy, ); }; };
		297F4BE22CF5420800BC902A /* ArtistCoordinator.swift in Sources */ = {isa = PBXBuildFile; fileRef = 297F4BE12CF5420800BC902A /* ArtistCoordinator.swift */; };
		297F4BF62CF65DA400BC902A /* ReleasesView.swift in Sources */ = {isa = PBXBuildFile; fileRef = 297F4BF52CF65DA400BC902A /* ReleasesView.swift */; };
		297F4BF82CF65DAB00BC902A /* ReleasesViewModel.swift in Sources */ = {isa = PBXBuildFile; fileRef = 297F4BF72CF65DAB00BC902A /* ReleasesViewModel.swift */; };
		297F4BFA2CF65DB200BC902A /* RelesesDependencies.swift in Sources */ = {isa = PBXBuildFile; fileRef = 297F4BF92CF65DB200BC902A /* RelesesDependencies.swift */; };
		297F4BFC2CF65DCA00BC902A /* ReleasesFactory.swift in Sources */ = {isa = PBXBuildFile; fileRef = 297F4BFB2CF65DCA00BC902A /* ReleasesFactory.swift */; };
		297F4BFE2CF65DD400BC902A /* RelesesCoordinator.swift in Sources */ = {isa = PBXBuildFile; fileRef = 297F4BFD2CF65DD400BC902A /* RelesesCoordinator.swift */; };
		297F4C002CF65FF100BC902A /* ArtistRouter.swift in Sources */ = {isa = PBXBuildFile; fileRef = 297F4BFF2CF65FF100BC902A /* ArtistRouter.swift */; };
		297F4C082CF67D0A00BC902A /* DiscogsConstants.swift in Sources */ = {isa = PBXBuildFile; fileRef = 297F4C072CF67D0A00BC902A /* DiscogsConstants.swift */; };
/* End PBXBuildFile section */

/* Begin PBXContainerItemProxy section */
		297F4B642CF51A4B00BC902A /* PBXContainerItemProxy */ = {
			isa = PBXContainerItemProxy;
			containerPortal = 297F4B452CF51A4A00BC902A /* Project object */;
			proxyType = 1;
			remoteGlobalIDString = 297F4B4C2CF51A4A00BC902A;
			remoteInfo = DiscogsApp;
		};
		297F4B6E2CF51A4B00BC902A /* PBXContainerItemProxy */ = {
			isa = PBXContainerItemProxy;
			containerPortal = 297F4B452CF51A4A00BC902A /* Project object */;
			proxyType = 1;
			remoteGlobalIDString = 297F4B4C2CF51A4A00BC902A;
			remoteInfo = DiscogsApp;
		};
/* End PBXContainerItemProxy section */

/* Begin PBXCopyFilesBuildPhase section */
		297F4BC52CF51AED00BC902A /* Embed Frameworks */ = {
			isa = PBXCopyFilesBuildPhase;
			buildActionMask = 2147483647;
			dstPath = "";
			dstSubfolderSpec = 10;
			files = (
				297F4BC82CF51AF000BC902A /* DiscogsDataSource.framework in Embed Frameworks */,
				297F4BD42CF51B0100BC902A /* DiscogsUsecases.framework in Embed Frameworks */,
				297F4BD12CF51AFB00BC902A /* DiscogsUI.framework in Embed Frameworks */,
				297F4BCB2CF51AF500BC902A /* DiscogsEntities.framework in Embed Frameworks */,
				297F4BDA2CF51B0900BC902A /* NetworkCore.framework in Embed Frameworks */,
				297F4BCE2CF51AF800BC902A /* DiscogsLocalizable.framework in Embed Frameworks */,
				297F4BD72CF51B0400BC902A /* DiscogsUtils.framework in Embed Frameworks */,
				297F4BC42CF51AED00BC902A /* DiscogsData.framework in Embed Frameworks */,
			);
			name = "Embed Frameworks";
			runOnlyForDeploymentPostprocessing = 0;
		};
/* End PBXCopyFilesBuildPhase section */

/* Begin PBXFileReference section */
		297F4B4D2CF51A4A00BC902A /* DiscogsApp.app */ = {isa = PBXFileReference; explicitFileType = wrapper.application; includeInIndex = 0; path = DiscogsApp.app; sourceTree = BUILT_PRODUCTS_DIR; };
		297F4B632CF51A4B00BC902A /* DiscogsAppTests.xctest */ = {isa = PBXFileReference; explicitFileType = wrapper.cfbundle; includeInIndex = 0; path = DiscogsAppTests.xctest; sourceTree = BUILT_PRODUCTS_DIR; };
		297F4B6D2CF51A4B00BC902A /* DiscogsAppUITests.xctest */ = {isa = PBXFileReference; explicitFileType = wrapper.cfbundle; includeInIndex = 0; path = DiscogsAppUITests.xctest; sourceTree = BUILT_PRODUCTS_DIR; };
		297F4B812CF51A5B00BC902A /* AppDelegate.swift */ = {isa = PBXFileReference; lastKnownFileType = sourcecode.swift; path = AppDelegate.swift; sourceTree = "<group>"; };
		297F4B822CF51A5B00BC902A /* Assets.xcassets */ = {isa = PBXFileReference; lastKnownFileType = folder.assetcatalog; path = Assets.xcassets; sourceTree = "<group>"; };
		297F4B832CF51A5B00BC902A /* Info.plist */ = {isa = PBXFileReference; lastKnownFileType = text.plist.xml; path = Info.plist; sourceTree = "<group>"; };
		297F4B842CF51A5B00BC902A /* Base */ = {isa = PBXFileReference; lastKnownFileType = file.storyboard; name = Base; path = Base.lproj/LaunchScreen.storyboard; sourceTree = "<group>"; };
		297F4BA52CF51AA900BC902A /* ArtistDependencies.swift */ = {isa = PBXFileReference; lastKnownFileType = sourcecode.swift; path = ArtistDependencies.swift; sourceTree = "<group>"; };
		297F4BA62CF51AA900BC902A /* ArtistFactory.swift */ = {isa = PBXFileReference; lastKnownFileType = sourcecode.swift; path = ArtistFactory.swift; sourceTree = "<group>"; };
		297F4BA72CF51AA900BC902A /* ArtistView.swift */ = {isa = PBXFileReference; lastKnownFileType = sourcecode.swift; path = ArtistView.swift; sourceTree = "<group>"; };
		297F4BA82CF51AA900BC902A /* ArtistViewModel.swift */ = {isa = PBXFileReference; lastKnownFileType = sourcecode.swift; path = ArtistViewModel.swift; sourceTree = "<group>"; };
		297F4BAA2CF51AA900BC902A /* SarchArtistView.swift */ = {isa = PBXFileReference; lastKnownFileType = sourcecode.swift; path = SarchArtistView.swift; sourceTree = "<group>"; };
		297F4BAB2CF51AA900BC902A /* SearchArtistCoordinator.swift */ = {isa = PBXFileReference; lastKnownFileType = sourcecode.swift; path = SearchArtistCoordinator.swift; sourceTree = "<group>"; };
		297F4BAC2CF51AA900BC902A /* SearchArtistFactory.swift */ = {isa = PBXFileReference; lastKnownFileType = sourcecode.swift; path = SearchArtistFactory.swift; sourceTree = "<group>"; };
		297F4BAD2CF51AA900BC902A /* SearchArtistRouter.swift */ = {isa = PBXFileReference; lastKnownFileType = sourcecode.swift; path = SearchArtistRouter.swift; sourceTree = "<group>"; };
		297F4BAE2CF51AA900BC902A /* SearchArtistViewModel.swift */ = {isa = PBXFileReference; lastKnownFileType = sourcecode.swift; path = SearchArtistViewModel.swift; sourceTree = "<group>"; };
		297F4BAF2CF51AA900BC902A /* SearchViewModelDependencies.swift */ = {isa = PBXFileReference; lastKnownFileType = sourcecode.swift; path = SearchViewModelDependencies.swift; sourceTree = "<group>"; };
		297F4BBC2CF51AD500BC902A /* APIBundle.swift */ = {isa = PBXFileReference; lastKnownFileType = sourcecode.swift; path = APIBundle.swift; sourceTree = "<group>"; };
		297F4BBD2CF51AD500BC902A /* APIConfig.swift */ = {isa = PBXFileReference; lastKnownFileType = sourcecode.swift; path = APIConfig.swift; sourceTree = "<group>"; };
		297F4BC22CF51AED00BC902A /* DiscogsData.framework */ = {isa = PBXFileReference; explicitFileType = wrapper.framework; path = DiscogsData.framework; sourceTree = BUILT_PRODUCTS_DIR; };
		297F4BC62CF51AF000BC902A /* DiscogsDataSource.framework */ = {isa = PBXFileReference; explicitFileType = wrapper.framework; path = DiscogsDataSource.framework; sourceTree = BUILT_PRODUCTS_DIR; };
		297F4BC92CF51AF500BC902A /* DiscogsEntities.framework */ = {isa = PBXFileReference; explicitFileType = wrapper.framework; path = DiscogsEntities.framework; sourceTree = BUILT_PRODUCTS_DIR; };
		297F4BCC2CF51AF800BC902A /* DiscogsLocalizable.framework */ = {isa = PBXFileReference; explicitFileType = wrapper.framework; path = DiscogsLocalizable.framework; sourceTree = BUILT_PRODUCTS_DIR; };
		297F4BCF2CF51AFB00BC902A /* DiscogsUI.framework */ = {isa = PBXFileReference; explicitFileType = wrapper.framework; path = DiscogsUI.framework; sourceTree = BUILT_PRODUCTS_DIR; };
		297F4BD22CF51B0100BC902A /* DiscogsUsecases.framework */ = {isa = PBXFileReference; explicitFileType = wrapper.framework; path = DiscogsUsecases.framework; sourceTree = BUILT_PRODUCTS_DIR; };
		297F4BD52CF51B0400BC902A /* DiscogsUtils.framework */ = {isa = PBXFileReference; explicitFileType = wrapper.framework; path = DiscogsUtils.framework; sourceTree = BUILT_PRODUCTS_DIR; };
		297F4BD82CF51B0900BC902A /* NetworkCore.framework */ = {isa = PBXFileReference; explicitFileType = wrapper.framework; path = NetworkCore.framework; sourceTree = BUILT_PRODUCTS_DIR; };
		297F4BE12CF5420800BC902A /* ArtistCoordinator.swift */ = {isa = PBXFileReference; lastKnownFileType = sourcecode.swift; path = ArtistCoordinator.swift; sourceTree = "<group>"; };
		297F4BF52CF65DA400BC902A /* ReleasesView.swift */ = {isa = PBXFileReference; lastKnownFileType = sourcecode.swift; path = ReleasesView.swift; sourceTree = "<group>"; };
		297F4BF72CF65DAB00BC902A /* ReleasesViewModel.swift */ = {isa = PBXFileReference; lastKnownFileType = sourcecode.swift; path = ReleasesViewModel.swift; sourceTree = "<group>"; };
		297F4BF92CF65DB200BC902A /* RelesesDependencies.swift */ = {isa = PBXFileReference; lastKnownFileType = sourcecode.swift; path = RelesesDependencies.swift; sourceTree = "<group>"; };
		297F4BFB2CF65DCA00BC902A /* ReleasesFactory.swift */ = {isa = PBXFileReference; lastKnownFileType = sourcecode.swift; path = ReleasesFactory.swift; sourceTree = "<group>"; };
		297F4BFD2CF65DD400BC902A /* RelesesCoordinator.swift */ = {isa = PBXFileReference; lastKnownFileType = sourcecode.swift; path = RelesesCoordinator.swift; sourceTree = "<group>"; };
		297F4BFF2CF65FF100BC902A /* ArtistRouter.swift */ = {isa = PBXFileReference; lastKnownFileType = sourcecode.swift; path = ArtistRouter.swift; sourceTree = "<group>"; };
		297F4C072CF67D0A00BC902A /* DiscogsConstants.swift */ = {isa = PBXFileReference; lastKnownFileType = sourcecode.swift; path = DiscogsConstants.swift; sourceTree = "<group>"; };
/* End PBXFileReference section */

/* Begin PBXFileSystemSynchronizedRootGroup section */
		297F4B662CF51A4B00BC902A /* DiscogsAppTests */ = {
			isa = PBXFileSystemSynchronizedRootGroup;
			path = DiscogsAppTests;
			sourceTree = "<group>";
		};
		297F4B702CF51A4B00BC902A /* DiscogsAppUITests */ = {
			isa = PBXFileSystemSynchronizedRootGroup;
			path = DiscogsAppUITests;
			sourceTree = "<group>";
		};
/* End PBXFileSystemSynchronizedRootGroup section */

/* Begin PBXFrameworksBuildPhase section */
		297F4B4A2CF51A4A00BC902A /* Frameworks */ = {
			isa = PBXFrameworksBuildPhase;
			buildActionMask = 2147483647;
			files = (
				297F4BC72CF51AF000BC902A /* DiscogsDataSource.framework in Frameworks */,
				297F4BD32CF51B0100BC902A /* DiscogsUsecases.framework in Frameworks */,
				297F4BD02CF51AFB00BC902A /* DiscogsUI.framework in Frameworks */,
				297F4BCA2CF51AF500BC902A /* DiscogsEntities.framework in Frameworks */,
				297F4BD92CF51B0900BC902A /* NetworkCore.framework in Frameworks */,
				297F4BCD2CF51AF800BC902A /* DiscogsLocalizable.framework in Frameworks */,
				297F4BD62CF51B0400BC902A /* DiscogsUtils.framework in Frameworks */,
				297F4BC32CF51AED00BC902A /* DiscogsData.framework in Frameworks */,
			);
			runOnlyForDeploymentPostprocessing = 0;
		};
		297F4B602CF51A4B00BC902A /* Frameworks */ = {
			isa = PBXFrameworksBuildPhase;
			buildActionMask = 2147483647;
			files = (
			);
			runOnlyForDeploymentPostprocessing = 0;
		};
		297F4B6A2CF51A4B00BC902A /* Frameworks */ = {
			isa = PBXFrameworksBuildPhase;
			buildActionMask = 2147483647;
			files = (
			);
			runOnlyForDeploymentPostprocessing = 0;
		};
/* End PBXFrameworksBuildPhase section */

/* Begin PBXGroup section */
		297F4B442CF51A4A00BC902A = {
			isa = PBXGroup;
			children = (
				297F4B8A2CF51A5B00BC902A /* DiscogsApp */,
				297F4B662CF51A4B00BC902A /* DiscogsAppTests */,
				297F4B702CF51A4B00BC902A /* DiscogsAppUITests */,
				297F4BC12CF51AED00BC902A /* Frameworks */,
				297F4B4E2CF51A4A00BC902A /* Products */,
			);
			sourceTree = "<group>";
		};
		297F4B4E2CF51A4A00BC902A /* Products */ = {
			isa = PBXGroup;
			children = (
				297F4B4D2CF51A4A00BC902A /* DiscogsApp.app */,
				297F4B632CF51A4B00BC902A /* DiscogsAppTests.xctest */,
				297F4B6D2CF51A4B00BC902A /* DiscogsAppUITests.xctest */,
			);
			name = Products;
			sourceTree = "<group>";
		};
		297F4B8A2CF51A5B00BC902A /* DiscogsApp */ = {
			isa = PBXGroup;
			children = (
				297F4BBB2CF51AC400BC902A /* Configuration */,
				297F4BA42CF51A8C00BC902A /* Scenes */,
				297F4B812CF51A5B00BC902A /* AppDelegate.swift */,
				297F4B822CF51A5B00BC902A /* Assets.xcassets */,
				297F4B832CF51A5B00BC902A /* Info.plist */,
				297F4B852CF51A5B00BC902A /* LaunchScreen.storyboard */,
			);
			path = DiscogsApp;
			sourceTree = "<group>";
		};
		297F4BA42CF51A8C00BC902A /* Scenes */ = {
			isa = PBXGroup;
			children = (
				297F4BF42CF65D6500BC902A /* Releases */,
				297F4BA92CF51AA900BC902A /* Artist */,
				297F4BB02CF51AA900BC902A /* SearchArtist */,
			);
			path = Scenes;
			sourceTree = "<group>";
		};
		297F4BA92CF51AA900BC902A /* Artist */ = {
			isa = PBXGroup;
			children = (
				297F4BA52CF51AA900BC902A /* ArtistDependencies.swift */,
				297F4BA62CF51AA900BC902A /* ArtistFactory.swift */,
				297F4BA72CF51AA900BC902A /* ArtistView.swift */,
				297F4BA82CF51AA900BC902A /* ArtistViewModel.swift */,
				297F4BE12CF5420800BC902A /* ArtistCoordinator.swift */,
				297F4BFF2CF65FF100BC902A /* ArtistRouter.swift */,
			);
			path = Artist;
			sourceTree = "<group>";
		};
		297F4BB02CF51AA900BC902A /* SearchArtist */ = {
			isa = PBXGroup;
			children = (
				297F4BAA2CF51AA900BC902A /* SarchArtistView.swift */,
				297F4BAB2CF51AA900BC902A /* SearchArtistCoordinator.swift */,
				297F4BAC2CF51AA900BC902A /* SearchArtistFactory.swift */,
				297F4BAD2CF51AA900BC902A /* SearchArtistRouter.swift */,
				297F4BAE2CF51AA900BC902A /* SearchArtistViewModel.swift */,
				297F4BAF2CF51AA900BC902A /* SearchViewModelDependencies.swift */,
			);
			path = SearchArtist;
			sourceTree = "<group>";
		};
		297F4BBB2CF51AC400BC902A /* Configuration */ = {
			isa = PBXGroup;
			children = (
				297F4BBE2CF51AD500BC902A /* Network */,
				297F4C072CF67D0A00BC902A /* DiscogsConstants.swift */,
			);
			path = Configuration;
			sourceTree = "<group>";
		};
		297F4BBE2CF51AD500BC902A /* Network */ = {
			isa = PBXGroup;
			children = (
				297F4BBC2CF51AD500BC902A /* APIBundle.swift */,
				297F4BBD2CF51AD500BC902A /* APIConfig.swift */,
			);
			path = Network;
			sourceTree = "<group>";
		};
		297F4BC12CF51AED00BC902A /* Frameworks */ = {
			isa = PBXGroup;
			children = (
				297F4BD82CF51B0900BC902A /* NetworkCore.framework */,
				297F4BD52CF51B0400BC902A /* DiscogsUtils.framework */,
				297F4BD22CF51B0100BC902A /* DiscogsUsecases.framework */,
				297F4BCF2CF51AFB00BC902A /* DiscogsUI.framework */,
				297F4BCC2CF51AF800BC902A /* DiscogsLocalizable.framework */,
				297F4BC92CF51AF500BC902A /* DiscogsEntities.framework */,
				297F4BC62CF51AF000BC902A /* DiscogsDataSource.framework */,
				297F4BC22CF51AED00BC902A /* DiscogsData.framework */,
			);
			name = Frameworks;
			sourceTree = "<group>";
		};
		297F4BF42CF65D6500BC902A /* Releases */ = {
			isa = PBXGroup;
			children = (
				297F4BF52CF65DA400BC902A /* ReleasesView.swift */,
				297F4BF72CF65DAB00BC902A /* ReleasesViewModel.swift */,
				297F4BFB2CF65DCA00BC902A /* ReleasesFactory.swift */,
				297F4BFD2CF65DD400BC902A /* RelesesCoordinator.swift */,
				297F4BF92CF65DB200BC902A /* RelesesDependencies.swift */,
			);
			path = Releases;
			sourceTree = "<group>";
		};
/* End PBXGroup section */

/* Begin PBXNativeTarget section */
		297F4B4C2CF51A4A00BC902A /* DiscogsApp */ = {
			isa = PBXNativeTarget;
			buildConfigurationList = 297F4B762CF51A4B00BC902A /* Build configuration list for PBXNativeTarget "DiscogsApp" */;
			buildPhases = (
				297F4B492CF51A4A00BC902A /* Sources */,
				297F4B4A2CF51A4A00BC902A /* Frameworks */,
				297F4B4B2CF51A4A00BC902A /* Resources */,
				297F4BC52CF51AED00BC902A /* Embed Frameworks */,
				296CE2632CF6BB4800130786 /* ShellScript */,
			);
			buildRules = (
			);
			dependencies = (
			);
			name = DiscogsApp;
			packageProductDependencies = (
			);
			productName = DiscogsApp;
			productReference = 297F4B4D2CF51A4A00BC902A /* DiscogsApp.app */;
			productType = "com.apple.product-type.application";
		};
		297F4B622CF51A4B00BC902A /* DiscogsAppTests */ = {
			isa = PBXNativeTarget;
			buildConfigurationList = 297F4B7B2CF51A4B00BC902A /* Build configuration list for PBXNativeTarget "DiscogsAppTests" */;
			buildPhases = (
				297F4B5F2CF51A4B00BC902A /* Sources */,
				297F4B602CF51A4B00BC902A /* Frameworks */,
				297F4B612CF51A4B00BC902A /* Resources */,
			);
			buildRules = (
			);
			dependencies = (
				297F4B652CF51A4B00BC902A /* PBXTargetDependency */,
			);
			fileSystemSynchronizedGroups = (
				297F4B662CF51A4B00BC902A /* DiscogsAppTests */,
			);
			name = DiscogsAppTests;
			packageProductDependencies = (
			);
			productName = DiscogsAppTests;
			productReference = 297F4B632CF51A4B00BC902A /* DiscogsAppTests.xctest */;
			productType = "com.apple.product-type.bundle.unit-test";
		};
		297F4B6C2CF51A4B00BC902A /* DiscogsAppUITests */ = {
			isa = PBXNativeTarget;
			buildConfigurationList = 297F4B7E2CF51A4B00BC902A /* Build configuration list for PBXNativeTarget "DiscogsAppUITests" */;
			buildPhases = (
				297F4B692CF51A4B00BC902A /* Sources */,
				297F4B6A2CF51A4B00BC902A /* Frameworks */,
				297F4B6B2CF51A4B00BC902A /* Resources */,
			);
			buildRules = (
			);
			dependencies = (
				297F4B6F2CF51A4B00BC902A /* PBXTargetDependency */,
			);
			fileSystemSynchronizedGroups = (
				297F4B702CF51A4B00BC902A /* DiscogsAppUITests */,
			);
			name = DiscogsAppUITests;
			packageProductDependencies = (
			);
			productName = DiscogsAppUITests;
			productReference = 297F4B6D2CF51A4B00BC902A /* DiscogsAppUITests.xctest */;
			productType = "com.apple.product-type.bundle.ui-testing";
		};
/* End PBXNativeTarget section */

/* Begin PBXProject section */
		297F4B452CF51A4A00BC902A /* Project object */ = {
			isa = PBXProject;
			attributes = {
				BuildIndependentTargetsInParallel = 1;
				LastSwiftUpdateCheck = 1610;
				LastUpgradeCheck = 1610;
				TargetAttributes = {
					297F4B4C2CF51A4A00BC902A = {
						CreatedOnToolsVersion = 16.1;
					};
					297F4B622CF51A4B00BC902A = {
						CreatedOnToolsVersion = 16.1;
						TestTargetID = 297F4B4C2CF51A4A00BC902A;
					};
					297F4B6C2CF51A4B00BC902A = {
						CreatedOnToolsVersion = 16.1;
						TestTargetID = 297F4B4C2CF51A4A00BC902A;
					};
				};
			};
			buildConfigurationList = 297F4B482CF51A4A00BC902A /* Build configuration list for PBXProject "DiscogsApp" */;
			developmentRegion = en;
			hasScannedForEncodings = 0;
			knownRegions = (
				en,
				Base,
			);
			mainGroup = 297F4B442CF51A4A00BC902A;
			minimizedProjectReferenceProxies = 1;
			preferredProjectObjectVersion = 77;
			productRefGroup = 297F4B4E2CF51A4A00BC902A /* Products */;
			projectDirPath = "";
			projectRoot = "";
			targets = (
				297F4B4C2CF51A4A00BC902A /* DiscogsApp */,
				297F4B622CF51A4B00BC902A /* DiscogsAppTests */,
				297F4B6C2CF51A4B00BC902A /* DiscogsAppUITests */,
			);
		};
/* End PBXProject section */

/* Begin PBXResourcesBuildPhase section */
		297F4B4B2CF51A4A00BC902A /* Resources */ = {
			isa = PBXResourcesBuildPhase;
			buildActionMask = 2147483647;
			files = (
				297F4B8E2CF51A5B00BC902A /* Assets.xcassets in Resources */,
				297F4B902CF51A5B00BC902A /* LaunchScreen.storyboard in Resources */,
			);
			runOnlyForDeploymentPostprocessing = 0;
		};
		297F4B612CF51A4B00BC902A /* Resources */ = {
			isa = PBXResourcesBuildPhase;
			buildActionMask = 2147483647;
			files = (
			);
			runOnlyForDeploymentPostprocessing = 0;
		};
		297F4B6B2CF51A4B00BC902A /* Resources */ = {
			isa = PBXResourcesBuildPhase;
			buildActionMask = 2147483647;
			files = (
			);
			runOnlyForDeploymentPostprocessing = 0;
		};
/* End PBXResourcesBuildPhase section */

/* Begin PBXShellScriptBuildPhase section */
		296CE2632CF6BB4800130786 /* ShellScript */ = {
			isa = PBXShellScriptBuildPhase;
			alwaysOutOfDate = 1;
			buildActionMask = 2147483647;
			files = (
			);
			inputFileListPaths = (
			);
			inputPaths = (
			);
			outputFileListPaths = (
			);
			outputPaths = (
			);
			runOnlyForDeploymentPostprocessing = 0;
			shellPath = /bin/sh;
			shellScript = "if [[ \"$(uname -m)\" == arm64 ]]; then\n    export PATH=\"/opt/homebrew/bin:$PATH\"\nfi\n\nif which swiftlint > /dev/null; then\n  swiftlint lint --config \"../../.swiftlint.yml\"\nelse\n  echo \"warning: SwiftLint not installed, download from https://github.com/realm/SwiftLint\"\nfi\n";
			showEnvVarsInLog = 0;
		};
/* End PBXShellScriptBuildPhase section */

/* Begin PBXSourcesBuildPhase section */
		297F4B492CF51A4A00BC902A /* Sources */ = {
			isa = PBXSourcesBuildPhase;
			buildActionMask = 2147483647;
			files = (
				297F4B8B2CF51A5B00BC902A /* AppDelegate.swift in Sources */,
				297F4BE22CF5420800BC902A /* ArtistCoordinator.swift in Sources */,
				297F4BFA2CF65DB200BC902A /* RelesesDependencies.swift in Sources */,
				297F4BF82CF65DAB00BC902A /* ReleasesViewModel.swift in Sources */,
				297F4BF62CF65DA400BC902A /* ReleasesView.swift in Sources */,
				297F4BB12CF51AA900BC902A /* ArtistView.swift in Sources */,
				297F4BFE2CF65DD400BC902A /* RelesesCoordinator.swift in Sources */,
				297F4BB22CF51AA900BC902A /* SearchArtistFactory.swift in Sources */,
				297F4BB32CF51AA900BC902A /* SarchArtistView.swift in Sources */,
				297F4BB42CF51AA900BC902A /* ArtistDependencies.swift in Sources */,
				297F4BB52CF51AA900BC902A /* SearchArtistCoordinator.swift in Sources */,
				297F4BFC2CF65DCA00BC902A /* ReleasesFactory.swift in Sources */,
				297F4C082CF67D0A00BC902A /* DiscogsConstants.swift in Sources */,
				297F4BB62CF51AA900BC902A /* SearchArtistViewModel.swift in Sources */,
				297F4C002CF65FF100BC902A /* ArtistRouter.swift in Sources */,
				297F4BB72CF51AA900BC902A /* SearchArtistRouter.swift in Sources */,
				297F4BBF2CF51AD500BC902A /* APIBundle.swift in Sources */,
				297F4BC02CF51AD500BC902A /* APIConfig.swift in Sources */,
				297F4BB82CF51AA900BC902A /* ArtistFactory.swift in Sources */,
				297F4BB92CF51AA900BC902A /* ArtistViewModel.swift in Sources */,
				297F4BBA2CF51AA900BC902A /* SearchViewModelDependencies.swift in Sources */,
			);
			runOnlyForDeploymentPostprocessing = 0;
		};
		297F4B5F2CF51A4B00BC902A /* Sources */ = {
			isa = PBXSourcesBuildPhase;
			buildActionMask = 2147483647;
			files = (
			);
			runOnlyForDeploymentPostprocessing = 0;
		};
		297F4B692CF51A4B00BC902A /* Sources */ = {
			isa = PBXSourcesBuildPhase;
			buildActionMask = 2147483647;
			files = (
			);
			runOnlyForDeploymentPostprocessing = 0;
		};
/* End PBXSourcesBuildPhase section */

/* Begin PBXTargetDependency section */
		297F4B652CF51A4B00BC902A /* PBXTargetDependency */ = {
			isa = PBXTargetDependency;
			target = 297F4B4C2CF51A4A00BC902A /* DiscogsApp */;
			targetProxy = 297F4B642CF51A4B00BC902A /* PBXContainerItemProxy */;
		};
		297F4B6F2CF51A4B00BC902A /* PBXTargetDependency */ = {
			isa = PBXTargetDependency;
			target = 297F4B4C2CF51A4A00BC902A /* DiscogsApp */;
			targetProxy = 297F4B6E2CF51A4B00BC902A /* PBXContainerItemProxy */;
		};
/* End PBXTargetDependency section */

/* Begin PBXVariantGroup section */
		297F4B852CF51A5B00BC902A /* LaunchScreen.storyboard */ = {
			isa = PBXVariantGroup;
			children = (
				297F4B842CF51A5B00BC902A /* Base */,
			);
			name = LaunchScreen.storyboard;
			sourceTree = "<group>";
		};
/* End PBXVariantGroup section */

/* Begin XCBuildConfiguration section */
		297F4B772CF51A4B00BC902A /* Debug */ = {
			isa = XCBuildConfiguration;
			buildSettings = {
				ASSETCATALOG_COMPILER_APPICON_NAME = AppIcon;
				ASSETCATALOG_COMPILER_GLOBAL_ACCENT_COLOR_NAME = AccentColor;
				CODE_SIGN_STYLE = Automatic;
				CURRENT_PROJECT_VERSION = 1;
				ENABLE_USER_SCRIPT_SANDBOXING = NO;
				GENERATE_INFOPLIST_FILE = YES;
				INFOPLIST_FILE = DiscogsApp/Info.plist;
				INFOPLIST_KEY_UIApplicationSupportsIndirectInputEvents = YES;
				INFOPLIST_KEY_UILaunchStoryboardName = LaunchScreen;
				INFOPLIST_KEY_UIMainStoryboardFile = "";
				INFOPLIST_KEY_UISupportedInterfaceOrientations = UIInterfaceOrientationPortrait;
				IPHONEOS_DEPLOYMENT_TARGET = 15.6;
				LD_RUNPATH_SEARCH_PATHS = (
					"$(inherited)",
					"@executable_path/Frameworks",
				);
				MARKETING_VERSION = 1.0;
				PRODUCT_BUNDLE_IDENTIFIER = com.andres.DiscogsApp;
				PRODUCT_NAME = "$(TARGET_NAME)";
				SWIFT_EMIT_LOC_STRINGS = YES;
				SWIFT_VERSION = 5.0;
				TARGETED_DEVICE_FAMILY = "1,2";
			};
			name = Debug;
		};
		297F4B782CF51A4B00BC902A /* Release */ = {
			isa = XCBuildConfiguration;
			buildSettings = {
				ASSETCATALOG_COMPILER_APPICON_NAME = AppIcon;
				ASSETCATALOG_COMPILER_GLOBAL_ACCENT_COLOR_NAME = AccentColor;
				CODE_SIGN_STYLE = Automatic;
				CURRENT_PROJECT_VERSION = 1;
				ENABLE_USER_SCRIPT_SANDBOXING = NO;
				GENERATE_INFOPLIST_FILE = YES;
				INFOPLIST_FILE = DiscogsApp/Info.plist;
				INFOPLIST_KEY_UIApplicationSupportsIndirectInputEvents = YES;
				INFOPLIST_KEY_UILaunchStoryboardName = LaunchScreen;
				INFOPLIST_KEY_UIMainStoryboardFile = "";
				INFOPLIST_KEY_UISupportedInterfaceOrientations = UIInterfaceOrientationPortrait;
				IPHONEOS_DEPLOYMENT_TARGET = 15.6;
				LD_RUNPATH_SEARCH_PATHS = (
					"$(inherited)",
					"@executable_path/Frameworks",
				);
				MARKETING_VERSION = 1.0;
				PRODUCT_BUNDLE_IDENTIFIER = com.andres.DiscogsApp;
				PRODUCT_NAME = "$(TARGET_NAME)";
				SWIFT_EMIT_LOC_STRINGS = YES;
				SWIFT_VERSION = 5.0;
				TARGETED_DEVICE_FAMILY = "1,2";
			};
			name = Release;
		};
		297F4B792CF51A4B00BC902A /* Debug */ = {
			isa = XCBuildConfiguration;
			buildSettings = {
				ALWAYS_SEARCH_USER_PATHS = NO;
				ASSETCATALOG_COMPILER_GENERATE_SWIFT_ASSET_SYMBOL_EXTENSIONS = YES;
				CLANG_ANALYZER_NONNULL = YES;
				CLANG_ANALYZER_NUMBER_OBJECT_CONVERSION = YES_AGGRESSIVE;
				CLANG_CXX_LANGUAGE_STANDARD = "gnu++20";
				CLANG_ENABLE_MODULES = YES;
				CLANG_ENABLE_OBJC_ARC = YES;
				CLANG_ENABLE_OBJC_WEAK = YES;
				CLANG_WARN_BLOCK_CAPTURE_AUTORELEASING = YES;
				CLANG_WARN_BOOL_CONVERSION = YES;
				CLANG_WARN_COMMA = YES;
				CLANG_WARN_CONSTANT_CONVERSION = YES;
				CLANG_WARN_DEPRECATED_OBJC_IMPLEMENTATIONS = YES;
				CLANG_WARN_DIRECT_OBJC_ISA_USAGE = YES_ERROR;
				CLANG_WARN_DOCUMENTATION_COMMENTS = YES;
				CLANG_WARN_EMPTY_BODY = YES;
				CLANG_WARN_ENUM_CONVERSION = YES;
				CLANG_WARN_INFINITE_RECURSION = YES;
				CLANG_WARN_INT_CONVERSION = YES;
				CLANG_WARN_NON_LITERAL_NULL_CONVERSION = YES;
				CLANG_WARN_OBJC_IMPLICIT_RETAIN_SELF = YES;
				CLANG_WARN_OBJC_LITERAL_CONVERSION = YES;
				CLANG_WARN_OBJC_ROOT_CLASS = YES_ERROR;
				CLANG_WARN_QUOTED_INCLUDE_IN_FRAMEWORK_HEADER = YES;
				CLANG_WARN_RANGE_LOOP_ANALYSIS = YES;
				CLANG_WARN_STRICT_PROTOTYPES = YES;
				CLANG_WARN_SUSPICIOUS_MOVE = YES;
				CLANG_WARN_UNGUARDED_AVAILABILITY = YES_AGGRESSIVE;
				CLANG_WARN_UNREACHABLE_CODE = YES;
				CLANG_WARN__DUPLICATE_METHOD_MATCH = YES;
				COPY_PHASE_STRIP = NO;
				DEBUG_INFORMATION_FORMAT = dwarf;
				ENABLE_STRICT_OBJC_MSGSEND = YES;
				ENABLE_TESTABILITY = YES;
				ENABLE_USER_SCRIPT_SANDBOXING = YES;
				GCC_C_LANGUAGE_STANDARD = gnu17;
				GCC_DYNAMIC_NO_PIC = NO;
				GCC_NO_COMMON_BLOCKS = YES;
				GCC_OPTIMIZATION_LEVEL = 0;
				GCC_PREPROCESSOR_DEFINITIONS = (
					"DEBUG=1",
					"$(inherited)",
				);
				GCC_WARN_64_TO_32_BIT_CONVERSION = YES;
				GCC_WARN_ABOUT_RETURN_TYPE = YES_ERROR;
				GCC_WARN_UNDECLARED_SELECTOR = YES;
				GCC_WARN_UNINITIALIZED_AUTOS = YES_AGGRESSIVE;
				GCC_WARN_UNUSED_FUNCTION = YES;
				GCC_WARN_UNUSED_VARIABLE = YES;
				IPHONEOS_DEPLOYMENT_TARGET = 18.1;
				LOCALIZATION_PREFERS_STRING_CATALOGS = YES;
				MTL_ENABLE_DEBUG_INFO = INCLUDE_SOURCE;
				MTL_FAST_MATH = YES;
				ONLY_ACTIVE_ARCH = YES;
				SDKROOT = iphoneos;
				SWIFT_ACTIVE_COMPILATION_CONDITIONS = "DEBUG $(inherited)";
				SWIFT_OPTIMIZATION_LEVEL = "-Onone";
			};
			name = Debug;
		};
		297F4B7A2CF51A4B00BC902A /* Release */ = {
			isa = XCBuildConfiguration;
			buildSettings = {
				ALWAYS_SEARCH_USER_PATHS = NO;
				ASSETCATALOG_COMPILER_GENERATE_SWIFT_ASSET_SYMBOL_EXTENSIONS = YES;
				CLANG_ANALYZER_NONNULL = YES;
				CLANG_ANALYZER_NUMBER_OBJECT_CONVERSION = YES_AGGRESSIVE;
				CLANG_CXX_LANGUAGE_STANDARD = "gnu++20";
				CLANG_ENABLE_MODULES = YES;
				CLANG_ENABLE_OBJC_ARC = YES;
				CLANG_ENABLE_OBJC_WEAK = YES;
				CLANG_WARN_BLOCK_CAPTURE_AUTORELEASING = YES;
				CLANG_WARN_BOOL_CONVERSION = YES;
				CLANG_WARN_COMMA = YES;
				CLANG_WARN_CONSTANT_CONVERSION = YES;
				CLANG_WARN_DEPRECATED_OBJC_IMPLEMENTATIONS = YES;
				CLANG_WARN_DIRECT_OBJC_ISA_USAGE = YES_ERROR;
				CLANG_WARN_DOCUMENTATION_COMMENTS = YES;
				CLANG_WARN_EMPTY_BODY = YES;
				CLANG_WARN_ENUM_CONVERSION = YES;
				CLANG_WARN_INFINITE_RECURSION = YES;
				CLANG_WARN_INT_CONVERSION = YES;
				CLANG_WARN_NON_LITERAL_NULL_CONVERSION = YES;
				CLANG_WARN_OBJC_IMPLICIT_RETAIN_SELF = YES;
				CLANG_WARN_OBJC_LITERAL_CONVERSION = YES;
				CLANG_WARN_OBJC_ROOT_CLASS = YES_ERROR;
				CLANG_WARN_QUOTED_INCLUDE_IN_FRAMEWORK_HEADER = YES;
				CLANG_WARN_RANGE_LOOP_ANALYSIS = YES;
				CLANG_WARN_STRICT_PROTOTYPES = YES;
				CLANG_WARN_SUSPICIOUS_MOVE = YES;
				CLANG_WARN_UNGUARDED_AVAILABILITY = YES_AGGRESSIVE;
				CLANG_WARN_UNREACHABLE_CODE = YES;
				CLANG_WARN__DUPLICATE_METHOD_MATCH = YES;
				COPY_PHASE_STRIP = NO;
				DEBUG_INFORMATION_FORMAT = "dwarf-with-dsym";
				ENABLE_NS_ASSERTIONS = NO;
				ENABLE_STRICT_OBJC_MSGSEND = YES;
				ENABLE_USER_SCRIPT_SANDBOXING = YES;
				GCC_C_LANGUAGE_STANDARD = gnu17;
				GCC_NO_COMMON_BLOCKS = YES;
				GCC_WARN_64_TO_32_BIT_CONVERSION = YES;
				GCC_WARN_ABOUT_RETURN_TYPE = YES_ERROR;
				GCC_WARN_UNDECLARED_SELECTOR = YES;
				GCC_WARN_UNINITIALIZED_AUTOS = YES_AGGRESSIVE;
				GCC_WARN_UNUSED_FUNCTION = YES;
				GCC_WARN_UNUSED_VARIABLE = YES;
				IPHONEOS_DEPLOYMENT_TARGET = 18.1;
				LOCALIZATION_PREFERS_STRING_CATALOGS = YES;
				MTL_ENABLE_DEBUG_INFO = NO;
				MTL_FAST_MATH = YES;
				SDKROOT = iphoneos;
				SWIFT_COMPILATION_MODE = wholemodule;
				VALIDATE_PRODUCT = YES;
			};
			name = Release;
		};
		297F4B7C2CF51A4B00BC902A /* Debug */ = {
			isa = XCBuildConfiguration;
			buildSettings = {
				BUNDLE_LOADER = "$(TEST_HOST)";
				CODE_SIGN_STYLE = Automatic;
				CURRENT_PROJECT_VERSION = 1;
				GENERATE_INFOPLIST_FILE = YES;
				IPHONEOS_DEPLOYMENT_TARGET = 18.1;
				MARKETING_VERSION = 1.0;
				PRODUCT_BUNDLE_IDENTIFIER = com.andres.DiscogsAppTests;
				PRODUCT_NAME = "$(TARGET_NAME)";
				SWIFT_EMIT_LOC_STRINGS = NO;
				SWIFT_VERSION = 5.0;
				TARGETED_DEVICE_FAMILY = "1,2";
				TEST_HOST = "$(BUILT_PRODUCTS_DIR)/DiscogsApp.app/$(BUNDLE_EXECUTABLE_FOLDER_PATH)/DiscogsApp";
			};
			name = Debug;
		};
		297F4B7D2CF51A4B00BC902A /* Release */ = {
			isa = XCBuildConfiguration;
			buildSettings = {
				BUNDLE_LOADER = "$(TEST_HOST)";
				CODE_SIGN_STYLE = Automatic;
				CURRENT_PROJECT_VERSION = 1;
				GENERATE_INFOPLIST_FILE = YES;
				IPHONEOS_DEPLOYMENT_TARGET = 18.1;
				MARKETING_VERSION = 1.0;
				PRODUCT_BUNDLE_IDENTIFIER = com.andres.DiscogsAppTests;
				PRODUCT_NAME = "$(TARGET_NAME)";
				SWIFT_EMIT_LOC_STRINGS = NO;
				SWIFT_VERSION = 5.0;
				TARGETED_DEVICE_FAMILY = "1,2";
				TEST_HOST = "$(BUILT_PRODUCTS_DIR)/DiscogsApp.app/$(BUNDLE_EXECUTABLE_FOLDER_PATH)/DiscogsApp";
			};
			name = Release;
		};
		297F4B7F2CF51A4B00BC902A /* Debug */ = {
			isa = XCBuildConfiguration;
			buildSettings = {
				CODE_SIGN_STYLE = Automatic;
				CURRENT_PROJECT_VERSION = 1;
				GENERATE_INFOPLIST_FILE = YES;
				MARKETING_VERSION = 1.0;
				PRODUCT_BUNDLE_IDENTIFIER = com.andres.DiscogsAppUITests;
				PRODUCT_NAME = "$(TARGET_NAME)";
				SWIFT_EMIT_LOC_STRINGS = NO;
				SWIFT_VERSION = 5.0;
				TARGETED_DEVICE_FAMILY = "1,2";
				TEST_TARGET_NAME = DiscogsApp;
			};
			name = Debug;
		};
		297F4B802CF51A4B00BC902A /* Release */ = {
			isa = XCBuildConfiguration;
			buildSettings = {
				CODE_SIGN_STYLE = Automatic;
				CURRENT_PROJECT_VERSION = 1;
				GENERATE_INFOPLIST_FILE = YES;
				MARKETING_VERSION = 1.0;
				PRODUCT_BUNDLE_IDENTIFIER = com.andres.DiscogsAppUITests;
				PRODUCT_NAME = "$(TARGET_NAME)";
				SWIFT_EMIT_LOC_STRINGS = NO;
				SWIFT_VERSION = 5.0;
				TARGETED_DEVICE_FAMILY = "1,2";
				TEST_TARGET_NAME = DiscogsApp;
			};
			name = Release;
		};
/* End XCBuildConfiguration section */

/* Begin XCConfigurationList section */
		297F4B482CF51A4A00BC902A /* Build configuration list for PBXProject "DiscogsApp" */ = {
			isa = XCConfigurationList;
			buildConfigurations = (
				297F4B792CF51A4B00BC902A /* Debug */,
				297F4B7A2CF51A4B00BC902A /* Release */,
			);
			defaultConfigurationIsVisible = 0;
			defaultConfigurationName = Release;
		};
		297F4B762CF51A4B00BC902A /* Build configuration list for PBXNativeTarget "DiscogsApp" */ = {
			isa = XCConfigurationList;
			buildConfigurations = (
				297F4B772CF51A4B00BC902A /* Debug */,
				297F4B782CF51A4B00BC902A /* Release */,
			);
			defaultConfigurationIsVisible = 0;
			defaultConfigurationName = Release;
		};
		297F4B7B2CF51A4B00BC902A /* Build configuration list for PBXNativeTarget "DiscogsAppTests" */ = {
			isa = XCConfigurationList;
			buildConfigurations = (
				297F4B7C2CF51A4B00BC902A /* Debug */,
				297F4B7D2CF51A4B00BC902A /* Release */,
			);
			defaultConfigurationIsVisible = 0;
			defaultConfigurationName = Release;
		};
		297F4B7E2CF51A4B00BC902A /* Build configuration list for PBXNativeTarget "DiscogsAppUITests" */ = {
			isa = XCConfigurationList;
			buildConfigurations = (
				297F4B7F2CF51A4B00BC902A /* Debug */,
				297F4B802CF51A4B00BC902A /* Release */,
			);
			defaultConfigurationIsVisible = 0;
			defaultConfigurationName = Release;
		};
/* End XCConfigurationList section */
	};
	rootObject = 297F4B452CF51A4A00BC902A /* Project object */;
}
