// !$*UTF8*$!
{
	archiveVersion = 1;
	classes = {
	};
	objectVersion = 77;
	objects = {

/* Begin PBXBuildFile section */
		290D16F72CF122B8006702B4 /* DiscogsData.framework in Frameworks */ = {isa = PBXBuildFile; fileRef = 290D16EE2CF122B8006702B4 /* DiscogsData.framework */; };
		290D17DA2CF193A0006702B4 /* DiscogsEntities.framework in Frameworks */ = {isa = PBXBuildFile; fileRef = 290D17D92CF193A0006702B4 /* DiscogsEntities.framework */; };
		290D17DE2CF193A4006702B4 /* DiscogsDataSource.framework in Frameworks */ = {isa = PBXBuildFile; fileRef = 290D17DD2CF193A4006702B4 /* DiscogsDataSource.framework */; };
		290D17E22CF193AD006702B4 /* DiscogsData.h in Headers */ = {isa = PBXBuildFile; fileRef = 290D17E02CF193AD006702B4 /* DiscogsData.h */; settings = {ATTRIBUTES = (Public, ); }; };
		290D17E62CF193D7006702B4 /* SearchArtistByNameAPI.swift in Sources */ = {isa = PBXBuildFile; fileRef = 290D17E52CF193D7006702B4 /* SearchArtistByNameAPI.swift */; };
		290D17E82CF193F9006702B4 /* SearchArtistByNameEndpoint.swift in Sources */ = {isa = PBXBuildFile; fileRef = 290D17E72CF193F9006702B4 /* SearchArtistByNameEndpoint.swift */; };
		290D17EA2CF19405006702B4 /* SearchArtistByNameRequestModel.swift in Sources */ = {isa = PBXBuildFile; fileRef = 290D17E92CF19405006702B4 /* SearchArtistByNameRequestModel.swift */; };
		290D17EC2CF1940A006702B4 /* SearchArtistByNameResponseModel.swift in Sources */ = {isa = PBXBuildFile; fileRef = 290D17EB2CF1940A006702B4 /* SearchArtistByNameResponseModel.swift */; };
		290D17EE2CF19422006702B4 /* SearchArtistByNameResponseModel+Mapper.swift in Sources */ = {isa = PBXBuildFile; fileRef = 290D17ED2CF19422006702B4 /* SearchArtistByNameResponseModel+Mapper.swift */; };
		290D17F02CF1942D006702B4 /* NetworkCore.framework in Frameworks */ = {isa = PBXBuildFile; fileRef = 290D17EF2CF1942D006702B4 /* NetworkCore.framework */; };
		290D17F92CF19F81006702B4 /* NetworkCorePagination+Mapper.swift in Sources */ = {isa = PBXBuildFile; fileRef = 290D17F82CF19F81006702B4 /* NetworkCorePagination+Mapper.swift */; };
		290D180B2CF1A1D3006702B4 /* DiscogsDataRemoteDataSource.swift in Sources */ = {isa = PBXBuildFile; fileRef = 290D180A2CF1A1D3006702B4 /* DiscogsDataRemoteDataSource.swift */; };
		290D18552CF4D852006702B4 /* GetArtistByURLEndpoint.swift in Sources */ = {isa = PBXBuildFile; fileRef = 290D18542CF4D852006702B4 /* GetArtistByURLEndpoint.swift */; };
		290D18572CF4D8B4006702B4 /* GetArtistByURLRequestModel.swift in Sources */ = {isa = PBXBuildFile; fileRef = 290D18562CF4D8B4006702B4 /* GetArtistByURLRequestModel.swift */; };
		290D18592CF4D8BD006702B4 /* GetArtistByURLResponseModel.swift in Sources */ = {isa = PBXBuildFile; fileRef = 290D18582CF4D8BD006702B4 /* GetArtistByURLResponseModel.swift */; };
		290D185B2CF4D8CB006702B4 /* GetArtistByURLResponseModel+Mapper.swift in Sources */ = {isa = PBXBuildFile; fileRef = 290D185A2CF4D8CB006702B4 /* GetArtistByURLResponseModel+Mapper.swift */; };
		290D185D2CF4D8D7006702B4 /* GetArtistByURLAPI.swift in Sources */ = {isa = PBXBuildFile; fileRef = 290D185C2CF4D8D7006702B4 /* GetArtistByURLAPI.swift */; };
		297F4BE92CF5718A00BC902A /* GetReleasesByURLEndpoint.swift in Sources */ = {isa = PBXBuildFile; fileRef = 297F4BE82CF5718A00BC902A /* GetReleasesByURLEndpoint.swift */; };
		297F4BEB2CF571B700BC902A /* GetReleasesByURLAPI.swift in Sources */ = {isa = PBXBuildFile; fileRef = 297F4BEA2CF571B700BC902A /* GetReleasesByURLAPI.swift */; };
		297F4BED2CF571EB00BC902A /* GetReleasesByURLRequestModel.swift in Sources */ = {isa = PBXBuildFile; fileRef = 297F4BEC2CF571EB00BC902A /* GetReleasesByURLRequestModel.swift */; };
		297F4BEF2CF571F200BC902A /* GetReleasesByURLResponseModel.swift in Sources */ = {isa = PBXBuildFile; fileRef = 297F4BEE2CF571F200BC902A /* GetReleasesByURLResponseModel.swift */; };
		297F4BF12CF571FD00BC902A /* GetReleasesByURLResponseModel+Mapper.swift in Sources */ = {isa = PBXBuildFile; fileRef = 297F4BF02CF571FD00BC902A /* GetReleasesByURLResponseModel+Mapper.swift */; };
		297F4C0D2CF6AE3C00BC902A /* DiscogsDataTests.swift in Sources */ = {isa = PBXBuildFile; fileRef = 297F4C0B2CF6AE3C00BC902A /* DiscogsDataTests.swift */; };
		297F4C0F2CF6AE4500BC902A /* APIConfigMock.swift in Sources */ = {isa = PBXBuildFile; fileRef = 297F4C0E2CF6AE4500BC902A /* APIConfigMock.swift */; };
		297F4C132CF6AEBC00BC902A /* SearchArtistExample.json in Resources */ = {isa = PBXBuildFile; fileRef = 297F4C122CF6AEBC00BC902A /* SearchArtistExample.json */; };
		297F4C152CF6AF5000BC902A /* GetArtistExample.json in Resources */ = {isa = PBXBuildFile; fileRef = 297F4C142CF6AF5000BC902A /* GetArtistExample.json */; };
		297F4C192CF6AFB800BC902A /* GetReleasesExample.json in Resources */ = {isa = PBXBuildFile; fileRef = 297F4C182CF6AFB800BC902A /* GetReleasesExample.json */; };
		297F4C1C2CF6B00200BC902A /* GetArtistTests.swift in Sources */ = {isa = PBXBuildFile; fileRef = 297F4C1B2CF6B00200BC902A /* GetArtistTests.swift */; };
		297F4C1E2CF6B2D100BC902A /* SearchArtistTests.swift in Sources */ = {isa = PBXBuildFile; fileRef = 297F4C1D2CF6B2D100BC902A /* SearchArtistTests.swift */; };
		297F4C202CF6B35800BC902A /* GetReleasesTests.swift in Sources */ = {isa = PBXBuildFile; fileRef = 297F4C1F2CF6B35800BC902A /* GetReleasesTests.swift */; };
/* End PBXBuildFile section */

/* Begin PBXContainerItemProxy section */
		290D16F82CF122B8006702B4 /* PBXContainerItemProxy */ = {
			isa = PBXContainerItemProxy;
			containerPortal = 290D16E52CF122B8006702B4 /* Project object */;
			proxyType = 1;
			remoteGlobalIDString = 290D16ED2CF122B8006702B4;
			remoteInfo = DiscogsData;
		};
/* End PBXContainerItemProxy section */

/* Begin PBXFileReference section */
		290D16EE2CF122B8006702B4 /* DiscogsData.framework */ = {isa = PBXFileReference; explicitFileType = wrapper.framework; includeInIndex = 0; path = DiscogsData.framework; sourceTree = BUILT_PRODUCTS_DIR; };
		290D16F62CF122B8006702B4 /* DiscogsDataTests.xctest */ = {isa = PBXFileReference; explicitFileType = wrapper.cfbundle; includeInIndex = 0; path = DiscogsDataTests.xctest; sourceTree = BUILT_PRODUCTS_DIR; };
		290D17D92CF193A0006702B4 /* DiscogsEntities.framework */ = {isa = PBXFileReference; explicitFileType = wrapper.framework; path = DiscogsEntities.framework; sourceTree = BUILT_PRODUCTS_DIR; };
		290D17DD2CF193A4006702B4 /* DiscogsDataSource.framework */ = {isa = PBXFileReference; explicitFileType = wrapper.framework; path = DiscogsDataSource.framework; sourceTree = BUILT_PRODUCTS_DIR; };
		290D17E02CF193AD006702B4 /* DiscogsData.h */ = {isa = PBXFileReference; lastKnownFileType = sourcecode.c.h; path = DiscogsData.h; sourceTree = "<group>"; };
		290D17E52CF193D7006702B4 /* SearchArtistByNameAPI.swift */ = {isa = PBXFileReference; lastKnownFileType = sourcecode.swift; path = SearchArtistByNameAPI.swift; sourceTree = "<group>"; };
		290D17E72CF193F9006702B4 /* SearchArtistByNameEndpoint.swift */ = {isa = PBXFileReference; lastKnownFileType = sourcecode.swift; path = SearchArtistByNameEndpoint.swift; sourceTree = "<group>"; };
		290D17E92CF19405006702B4 /* SearchArtistByNameRequestModel.swift */ = {isa = PBXFileReference; lastKnownFileType = sourcecode.swift; path = SearchArtistByNameRequestModel.swift; sourceTree = "<group>"; };
		290D17EB2CF1940A006702B4 /* SearchArtistByNameResponseModel.swift */ = {isa = PBXFileReference; lastKnownFileType = sourcecode.swift; path = SearchArtistByNameResponseModel.swift; sourceTree = "<group>"; };
		290D17ED2CF19422006702B4 /* SearchArtistByNameResponseModel+Mapper.swift */ = {isa = PBXFileReference; lastKnownFileType = sourcecode.swift; path = "SearchArtistByNameResponseModel+Mapper.swift"; sourceTree = "<group>"; };
		290D17EF2CF1942D006702B4 /* NetworkCore.framework */ = {isa = PBXFileReference; explicitFileType = wrapper.framework; path = NetworkCore.framework; sourceTree = BUILT_PRODUCTS_DIR; };
		290D17F82CF19F81006702B4 /* NetworkCorePagination+Mapper.swift */ = {isa = PBXFileReference; lastKnownFileType = sourcecode.swift; path = "NetworkCorePagination+Mapper.swift"; sourceTree = "<group>"; };
		290D180A2CF1A1D3006702B4 /* DiscogsDataRemoteDataSource.swift */ = {isa = PBXFileReference; lastKnownFileType = sourcecode.swift; path = DiscogsDataRemoteDataSource.swift; sourceTree = "<group>"; };
		290D18542CF4D852006702B4 /* GetArtistByURLEndpoint.swift */ = {isa = PBXFileReference; lastKnownFileType = sourcecode.swift; path = GetArtistByURLEndpoint.swift; sourceTree = "<group>"; };
		290D18562CF4D8B4006702B4 /* GetArtistByURLRequestModel.swift */ = {isa = PBXFileReference; lastKnownFileType = sourcecode.swift; path = GetArtistByURLRequestModel.swift; sourceTree = "<group>"; };
		290D18582CF4D8BD006702B4 /* GetArtistByURLResponseModel.swift */ = {isa = PBXFileReference; lastKnownFileType = sourcecode.swift; path = GetArtistByURLResponseModel.swift; sourceTree = "<group>"; };
		290D185A2CF4D8CB006702B4 /* GetArtistByURLResponseModel+Mapper.swift */ = {isa = PBXFileReference; lastKnownFileType = sourcecode.swift; path = "GetArtistByURLResponseModel+Mapper.swift"; sourceTree = "<group>"; };
		290D185C2CF4D8D7006702B4 /* GetArtistByURLAPI.swift */ = {isa = PBXFileReference; lastKnownFileType = sourcecode.swift; path = GetArtistByURLAPI.swift; sourceTree = "<group>"; };
		297F4BE82CF5718A00BC902A /* GetReleasesByURLEndpoint.swift */ = {isa = PBXFileReference; lastKnownFileType = sourcecode.swift; path = GetReleasesByURLEndpoint.swift; sourceTree = "<group>"; };
		297F4BEA2CF571B700BC902A /* GetReleasesByURLAPI.swift */ = {isa = PBXFileReference; lastKnownFileType = sourcecode.swift; path = GetReleasesByURLAPI.swift; sourceTree = "<group>"; };
		297F4BEC2CF571EB00BC902A /* GetReleasesByURLRequestModel.swift */ = {isa = PBXFileReference; lastKnownFileType = sourcecode.swift; path = GetReleasesByURLRequestModel.swift; sourceTree = "<group>"; };
		297F4BEE2CF571F200BC902A /* GetReleasesByURLResponseModel.swift */ = {isa = PBXFileReference; lastKnownFileType = sourcecode.swift; path = GetReleasesByURLResponseModel.swift; sourceTree = "<group>"; };
		297F4BF02CF571FD00BC902A /* GetReleasesByURLResponseModel+Mapper.swift */ = {isa = PBXFileReference; lastKnownFileType = sourcecode.swift; path = "GetReleasesByURLResponseModel+Mapper.swift"; sourceTree = "<group>"; };
		297F4C0B2CF6AE3C00BC902A /* DiscogsDataTests.swift */ = {isa = PBXFileReference; lastKnownFileType = sourcecode.swift; path = DiscogsDataTests.swift; sourceTree = "<group>"; };
		297F4C0E2CF6AE4500BC902A /* APIConfigMock.swift */ = {isa = PBXFileReference; lastKnownFileType = sourcecode.swift; path = APIConfigMock.swift; sourceTree = "<group>"; };
		297F4C122CF6AEBC00BC902A /* SearchArtistExample.json */ = {isa = PBXFileReference; lastKnownFileType = text.json; path = SearchArtistExample.json; sourceTree = "<group>"; };
		297F4C142CF6AF5000BC902A /* GetArtistExample.json */ = {isa = PBXFileReference; lastKnownFileType = text.json; path = GetArtistExample.json; sourceTree = "<group>"; };
		297F4C182CF6AFB800BC902A /* GetReleasesExample.json */ = {isa = PBXFileReference; lastKnownFileType = text.json; path = GetReleasesExample.json; sourceTree = "<group>"; };
		297F4C1B2CF6B00200BC902A /* GetArtistTests.swift */ = {isa = PBXFileReference; lastKnownFileType = sourcecode.swift; path = GetArtistTests.swift; sourceTree = "<group>"; };
		297F4C1D2CF6B2D100BC902A /* SearchArtistTests.swift */ = {isa = PBXFileReference; lastKnownFileType = sourcecode.swift; path = SearchArtistTests.swift; sourceTree = "<group>"; };
		297F4C1F2CF6B35800BC902A /* GetReleasesTests.swift */ = {isa = PBXFileReference; lastKnownFileType = sourcecode.swift; path = GetReleasesTests.swift; sourceTree = "<group>"; };
/* End PBXFileReference section */

/* Begin PBXFrameworksBuildPhase section */
		290D16EB2CF122B8006702B4 /* Frameworks */ = {
			isa = PBXFrameworksBuildPhase;
			buildActionMask = 2147483647;
			files = (
				290D17DE2CF193A4006702B4 /* DiscogsDataSource.framework in Frameworks */,
				290D17DA2CF193A0006702B4 /* DiscogsEntities.framework in Frameworks */,
				290D17F02CF1942D006702B4 /* NetworkCore.framework in Frameworks */,
			);
			runOnlyForDeploymentPostprocessing = 0;
		};
		290D16F32CF122B8006702B4 /* Frameworks */ = {
			isa = PBXFrameworksBuildPhase;
			buildActionMask = 2147483647;
			files = (
				290D16F72CF122B8006702B4 /* DiscogsData.framework in Frameworks */,
			);
			runOnlyForDeploymentPostprocessing = 0;
		};
/* End PBXFrameworksBuildPhase section */

/* Begin PBXGroup section */
		290D16E42CF122B8006702B4 = {
			isa = PBXGroup;
			children = (
				290D17E12CF193AD006702B4 /* DiscogsData */,
				297F4C0C2CF6AE3C00BC902A /* DiscogsDataTests */,
				290D17D82CF193A0006702B4 /* Frameworks */,
				290D16EF2CF122B8006702B4 /* Products */,
			);
			sourceTree = "<group>";
		};
		290D16EF2CF122B8006702B4 /* Products */ = {
			isa = PBXGroup;
			children = (
				290D16EE2CF122B8006702B4 /* DiscogsData.framework */,
				290D16F62CF122B8006702B4 /* DiscogsDataTests.xctest */,
			);
			name = Products;
			sourceTree = "<group>";
		};
		290D17D82CF193A0006702B4 /* Frameworks */ = {
			isa = PBXGroup;
			children = (
				290D17EF2CF1942D006702B4 /* NetworkCore.framework */,
				290D17DD2CF193A4006702B4 /* DiscogsDataSource.framework */,
				290D17D92CF193A0006702B4 /* DiscogsEntities.framework */,
			);
			name = Frameworks;
			sourceTree = "<group>";
		};
		290D17E12CF193AD006702B4 /* DiscogsData */ = {
			isa = PBXGroup;
			children = (
				290D17F72CF19F6D006702B4 /* Utils */,
				290D17E32CF193B0006702B4 /* Remote */,
				290D17E02CF193AD006702B4 /* DiscogsData.h */,
				290D180A2CF1A1D3006702B4 /* DiscogsDataRemoteDataSource.swift */,
			);
			path = DiscogsData;
			sourceTree = "<group>";
		};
		290D17E32CF193B0006702B4 /* Remote */ = {
			isa = PBXGroup;
			children = (
				290D17E42CF193BE006702B4 /* Artist */,
			);
			path = Remote;
			sourceTree = "<group>";
		};
		290D17E42CF193BE006702B4 /* Artist */ = {
			isa = PBXGroup;
			children = (
				297F4BE72CF5715300BC902A /* GetReleases */,
				290D18532CF4D834006702B4 /* SearchArtist */,
				290D18522CF4D82B006702B4 /* GetArtist */,
			);
			path = Artist;
			sourceTree = "<group>";
		};
		290D17F72CF19F6D006702B4 /* Utils */ = {
			isa = PBXGroup;
			children = (
				290D17F82CF19F81006702B4 /* NetworkCorePagination+Mapper.swift */,
			);
			path = Utils;
			sourceTree = "<group>";
		};
		290D18522CF4D82B006702B4 /* GetArtist */ = {
			isa = PBXGroup;
			children = (
				290D18542CF4D852006702B4 /* GetArtistByURLEndpoint.swift */,
				290D185C2CF4D8D7006702B4 /* GetArtistByURLAPI.swift */,
				290D185A2CF4D8CB006702B4 /* GetArtistByURLResponseModel+Mapper.swift */,
				290D18562CF4D8B4006702B4 /* GetArtistByURLRequestModel.swift */,
				290D18582CF4D8BD006702B4 /* GetArtistByURLResponseModel.swift */,
				297F4C142CF6AF5000BC902A /* GetArtistExample.json */,
			);
			path = GetArtist;
			sourceTree = "<group>";
		};
		290D18532CF4D834006702B4 /* SearchArtist */ = {
			isa = PBXGroup;
			children = (
				290D17E52CF193D7006702B4 /* SearchArtistByNameAPI.swift */,
				290D17E72CF193F9006702B4 /* SearchArtistByNameEndpoint.swift */,
				290D17E92CF19405006702B4 /* SearchArtistByNameRequestModel.swift */,
				290D17EB2CF1940A006702B4 /* SearchArtistByNameResponseModel.swift */,
				290D17ED2CF19422006702B4 /* SearchArtistByNameResponseModel+Mapper.swift */,
				297F4C122CF6AEBC00BC902A /* SearchArtistExample.json */,
			);
			path = SearchArtist;
			sourceTree = "<group>";
		};
		297F4BE72CF5715300BC902A /* GetReleases */ = {
			isa = PBXGroup;
			children = (
				297F4BE82CF5718A00BC902A /* GetReleasesByURLEndpoint.swift */,
				297F4BEA2CF571B700BC902A /* GetReleasesByURLAPI.swift */,
				297F4BEC2CF571EB00BC902A /* GetReleasesByURLRequestModel.swift */,
				297F4BEE2CF571F200BC902A /* GetReleasesByURLResponseModel.swift */,
				297F4BF02CF571FD00BC902A /* GetReleasesByURLResponseModel+Mapper.swift */,
				297F4C182CF6AFB800BC902A /* GetReleasesExample.json */,
			);
			path = GetReleases;
			sourceTree = "<group>";
		};
		297F4C0C2CF6AE3C00BC902A /* DiscogsDataTests */ = {
			isa = PBXGroup;
			children = (
				297F4C1A2CF6AFE600BC902A /* Artist */,
				297F4C0B2CF6AE3C00BC902A /* DiscogsDataTests.swift */,
				297F4C0E2CF6AE4500BC902A /* APIConfigMock.swift */,
			);
			path = DiscogsDataTests;
			sourceTree = "<group>";
		};
		297F4C1A2CF6AFE600BC902A /* Artist */ = {
			isa = PBXGroup;
			children = (
				297F4C1B2CF6B00200BC902A /* GetArtistTests.swift */,
				297F4C1D2CF6B2D100BC902A /* SearchArtistTests.swift */,
				297F4C1F2CF6B35800BC902A /* GetReleasesTests.swift */,
			);
			path = Artist;
			sourceTree = "<group>";
		};
/* End PBXGroup section */

/* Begin PBXHeadersBuildPhase section */
		290D16E92CF122B8006702B4 /* Headers */ = {
			isa = PBXHeadersBuildPhase;
			buildActionMask = 2147483647;
			files = (
				290D17E22CF193AD006702B4 /* DiscogsData.h in Headers */,
			);
			runOnlyForDeploymentPostprocessing = 0;
		};
/* End PBXHeadersBuildPhase section */

/* Begin PBXNativeTarget section */
		290D16ED2CF122B8006702B4 /* DiscogsData */ = {
			isa = PBXNativeTarget;
			buildConfigurationList = 290D16FF2CF122B8006702B4 /* Build configuration list for PBXNativeTarget "DiscogsData" */;
			buildPhases = (
				290D16E92CF122B8006702B4 /* Headers */,
				290D16EA2CF122B8006702B4 /* Sources */,
				290D16EB2CF122B8006702B4 /* Frameworks */,
				290D16EC2CF122B8006702B4 /* Resources */,
			);
			buildRules = (
			);
			dependencies = (
			);
			name = DiscogsData;
			packageProductDependencies = (
			);
			productName = DiscogsData;
			productReference = 290D16EE2CF122B8006702B4 /* DiscogsData.framework */;
			productType = "com.apple.product-type.framework";
		};
		290D16F52CF122B8006702B4 /* DiscogsDataTests */ = {
			isa = PBXNativeTarget;
			buildConfigurationList = 290D17042CF122B8006702B4 /* Build configuration list for PBXNativeTarget "DiscogsDataTests" */;
			buildPhases = (
				290D16F22CF122B8006702B4 /* Sources */,
				290D16F32CF122B8006702B4 /* Frameworks */,
				290D16F42CF122B8006702B4 /* Resources */,
			);
			buildRules = (
			);
			dependencies = (
				290D16F92CF122B8006702B4 /* PBXTargetDependency */,
			);
			name = DiscogsDataTests;
			packageProductDependencies = (
			);
			productName = DiscogsDataTests;
			productReference = 290D16F62CF122B8006702B4 /* DiscogsDataTests.xctest */;
			productType = "com.apple.product-type.bundle.unit-test";
		};
/* End PBXNativeTarget section */

/* Begin PBXProject section */
		290D16E52CF122B8006702B4 /* Project object */ = {
			isa = PBXProject;
			attributes = {
				BuildIndependentTargetsInParallel = 1;
				LastSwiftUpdateCheck = 1610;
				LastUpgradeCheck = 1610;
				TargetAttributes = {
					290D16ED2CF122B8006702B4 = {
						CreatedOnToolsVersion = 16.1;
						LastSwiftMigration = 1610;
					};
					290D16F52CF122B8006702B4 = {
						CreatedOnToolsVersion = 16.1;
					};
				};
			};
			buildConfigurationList = 290D16E82CF122B8006702B4 /* Build configuration list for PBXProject "DiscogsData" */;
			developmentRegion = en;
			hasScannedForEncodings = 0;
			knownRegions = (
				en,
				Base,
			);
			mainGroup = 290D16E42CF122B8006702B4;
			minimizedProjectReferenceProxies = 1;
			preferredProjectObjectVersion = 77;
			productRefGroup = 290D16EF2CF122B8006702B4 /* Products */;
			projectDirPath = "";
			projectRoot = "";
			targets = (
				290D16ED2CF122B8006702B4 /* DiscogsData */,
				290D16F52CF122B8006702B4 /* DiscogsDataTests */,
			);
		};
/* End PBXProject section */

/* Begin PBXResourcesBuildPhase section */
		290D16EC2CF122B8006702B4 /* Resources */ = {
			isa = PBXResourcesBuildPhase;
			buildActionMask = 2147483647;
			files = (
				297F4C152CF6AF5000BC902A /* GetArtistExample.json in Resources */,
				297F4C192CF6AFB800BC902A /* GetReleasesExample.json in Resources */,
				297F4C132CF6AEBC00BC902A /* SearchArtistExample.json in Resources */,
			);
			runOnlyForDeploymentPostprocessing = 0;
		};
		290D16F42CF122B8006702B4 /* Resources */ = {
			isa = PBXResourcesBuildPhase;
			buildActionMask = 2147483647;
			files = (
			);
			runOnlyForDeploymentPostprocessing = 0;
		};
/* End PBXResourcesBuildPhase section */

/* Begin PBXSourcesBuildPhase section */
		290D16EA2CF122B8006702B4 /* Sources */ = {
			isa = PBXSourcesBuildPhase;
			buildActionMask = 2147483647;
			files = (
				297F4BEF2CF571F200BC902A /* GetReleasesByURLResponseModel.swift in Sources */,
				290D17EE2CF19422006702B4 /* SearchArtistByNameResponseModel+Mapper.swift in Sources */,
				290D185D2CF4D8D7006702B4 /* GetArtistByURLAPI.swift in Sources */,
				290D17E82CF193F9006702B4 /* SearchArtistByNameEndpoint.swift in Sources */,
				290D18552CF4D852006702B4 /* GetArtistByURLEndpoint.swift in Sources */,
				290D17F92CF19F81006702B4 /* NetworkCorePagination+Mapper.swift in Sources */,
				290D18572CF4D8B4006702B4 /* GetArtistByURLRequestModel.swift in Sources */,
				290D18592CF4D8BD006702B4 /* GetArtistByURLResponseModel.swift in Sources */,
				297F4BED2CF571EB00BC902A /* GetReleasesByURLRequestModel.swift in Sources */,
				290D17EC2CF1940A006702B4 /* SearchArtistByNameResponseModel.swift in Sources */,
				297F4BE92CF5718A00BC902A /* GetReleasesByURLEndpoint.swift in Sources */,
				290D180B2CF1A1D3006702B4 /* DiscogsDataRemoteDataSource.swift in Sources */,
				297F4BEB2CF571B700BC902A /* GetReleasesByURLAPI.swift in Sources */,
				290D17EA2CF19405006702B4 /* SearchArtistByNameRequestModel.swift in Sources */,
				290D17E62CF193D7006702B4 /* SearchArtistByNameAPI.swift in Sources */,
				290D185B2CF4D8CB006702B4 /* GetArtistByURLResponseModel+Mapper.swift in Sources */,
				297F4BF12CF571FD00BC902A /* GetReleasesByURLResponseModel+Mapper.swift in Sources */,
			);
			runOnlyForDeploymentPostprocessing = 0;
		};
		290D16F22CF122B8006702B4 /* Sources */ = {
			isa = PBXSourcesBuildPhase;
			buildActionMask = 2147483647;
			files = (
				297F4C0F2CF6AE4500BC902A /* APIConfigMock.swift in Sources */,
				297F4C0D2CF6AE3C00BC902A /* DiscogsDataTests.swift in Sources */,
				297F4C202CF6B35800BC902A /* GetReleasesTests.swift in Sources */,
				297F4C1E2CF6B2D100BC902A /* SearchArtistTests.swift in Sources */,
				297F4C1C2CF6B00200BC902A /* GetArtistTests.swift in Sources */,
			);
			runOnlyForDeploymentPostprocessing = 0;
		};
/* End PBXSourcesBuildPhase section */

/* Begin PBXTargetDependency section */
		290D16F92CF122B8006702B4 /* PBXTargetDependency */ = {
			isa = PBXTargetDependency;
			target = 290D16ED2CF122B8006702B4 /* DiscogsData */;
			targetProxy = 290D16F82CF122B8006702B4 /* PBXContainerItemProxy */;
		};
/* End PBXTargetDependency section */

/* Begin XCBuildConfiguration section */
		290D17002CF122B8006702B4 /* Debug */ = {
			isa = XCBuildConfiguration;
			buildSettings = {
				BUILD_LIBRARY_FOR_DISTRIBUTION = YES;
				CLANG_ENABLE_MODULES = YES;
				CODE_SIGN_STYLE = Automatic;
				CURRENT_PROJECT_VERSION = 1;
				DEFINES_MODULE = YES;
				DYLIB_COMPATIBILITY_VERSION = 1;
				DYLIB_CURRENT_VERSION = 1;
				DYLIB_INSTALL_NAME_BASE = "@rpath";
				ENABLE_MODULE_VERIFIER = YES;
				GENERATE_INFOPLIST_FILE = YES;
				INFOPLIST_KEY_NSHumanReadableCopyright = "";
				INSTALL_PATH = "$(LOCAL_LIBRARY_DIR)/Frameworks";
				IPHONEOS_DEPLOYMENT_TARGET = 15.6;
				LD_RUNPATH_SEARCH_PATHS = (
					"$(inherited)",
					"@executable_path/Frameworks",
					"@loader_path/Frameworks",
				);
				MARKETING_VERSION = 1.0;
				MODULE_VERIFIER_SUPPORTED_LANGUAGES = "objective-c objective-c++";
				MODULE_VERIFIER_SUPPORTED_LANGUAGE_STANDARDS = "gnu17 gnu++20";
				PRODUCT_BUNDLE_IDENTIFIER = com.andres.DiscogsData;
				PRODUCT_NAME = "$(TARGET_NAME:c99extidentifier)";
				SKIP_INSTALL = YES;
				SWIFT_EMIT_LOC_STRINGS = YES;
				SWIFT_INSTALL_OBJC_HEADER = NO;
				SWIFT_OPTIMIZATION_LEVEL = "-Onone";
				SWIFT_VERSION = 5.0;
				TARGETED_DEVICE_FAMILY = "1,2";
			};
			name = Debug;
		};
		290D17012CF122B8006702B4 /* Release */ = {
			isa = XCBuildConfiguration;
			buildSettings = {
				BUILD_LIBRARY_FOR_DISTRIBUTION = YES;
				CLANG_ENABLE_MODULES = YES;
				CODE_SIGN_STYLE = Automatic;
				CURRENT_PROJECT_VERSION = 1;
				DEFINES_MODULE = YES;
				DYLIB_COMPATIBILITY_VERSION = 1;
				DYLIB_CURRENT_VERSION = 1;
				DYLIB_INSTALL_NAME_BASE = "@rpath";
				ENABLE_MODULE_VERIFIER = YES;
				GENERATE_INFOPLIST_FILE = YES;
				INFOPLIST_KEY_NSHumanReadableCopyright = "";
				INSTALL_PATH = "$(LOCAL_LIBRARY_DIR)/Frameworks";
				IPHONEOS_DEPLOYMENT_TARGET = 15.6;
				LD_RUNPATH_SEARCH_PATHS = (
					"$(inherited)",
					"@executable_path/Frameworks",
					"@loader_path/Frameworks",
				);
				MARKETING_VERSION = 1.0;
				MODULE_VERIFIER_SUPPORTED_LANGUAGES = "objective-c objective-c++";
				MODULE_VERIFIER_SUPPORTED_LANGUAGE_STANDARDS = "gnu17 gnu++20";
				PRODUCT_BUNDLE_IDENTIFIER = com.andres.DiscogsData;
				PRODUCT_NAME = "$(TARGET_NAME:c99extidentifier)";
				SKIP_INSTALL = YES;
				SWIFT_EMIT_LOC_STRINGS = YES;
				SWIFT_INSTALL_OBJC_HEADER = NO;
				SWIFT_VERSION = 5.0;
				TARGETED_DEVICE_FAMILY = "1,2";
			};
			name = Release;
		};
		290D17022CF122B8006702B4 /* Debug */ = {
			isa = XCBuildConfiguration;
			buildSettings = {
				ALWAYS_SEARCH_USER_PATHS = NO;
				ASSETCATALOG_COMPILER_GENERATE_SWIFT_ASSET_SYMBOL_EXTENSIONS = YES;
				CLANG_ANALYZER_NONNULL = YES;
				CLANG_ANALYZER_NUMBER_OBJECT_CONVERSION = YES_AGGRESSIVE;
				CLANG_CXX_LANGUAGE_STANDARD = "gnu++20";
				CLANG_ENABLE_MODULES = YES;
				CLANG_ENABLE_OBJC_ARC = YES;
				CLANG_ENABLE_OBJC_WEAK = YES;
				CLANG_WARN_BLOCK_CAPTURE_AUTORELEASING = YES;
				CLANG_WARN_BOOL_CONVERSION = YES;
				CLANG_WARN_COMMA = YES;
				CLANG_WARN_CONSTANT_CONVERSION = YES;
				CLANG_WARN_DEPRECATED_OBJC_IMPLEMENTATIONS = YES;
				CLANG_WARN_DIRECT_OBJC_ISA_USAGE = YES_ERROR;
				CLANG_WARN_DOCUMENTATION_COMMENTS = YES;
				CLANG_WARN_EMPTY_BODY = YES;
				CLANG_WARN_ENUM_CONVERSION = YES;
				CLANG_WARN_INFINITE_RECURSION = YES;
				CLANG_WARN_INT_CONVERSION = YES;
				CLANG_WARN_NON_LITERAL_NULL_CONVERSION = YES;
				CLANG_WARN_OBJC_IMPLICIT_RETAIN_SELF = YES;
				CLANG_WARN_OBJC_LITERAL_CONVERSION = YES;
				CLANG_WARN_OBJC_ROOT_CLASS = YES_ERROR;
				CLANG_WARN_QUOTED_INCLUDE_IN_FRAMEWORK_HEADER = YES;
				CLANG_WARN_RANGE_LOOP_ANALYSIS = YES;
				CLANG_WARN_STRICT_PROTOTYPES = YES;
				CLANG_WARN_SUSPICIOUS_MOVE = YES;
				CLANG_WARN_UNGUARDED_AVAILABILITY = YES_AGGRESSIVE;
				CLANG_WARN_UNREACHABLE_CODE = YES;
				CLANG_WARN__DUPLICATE_METHOD_MATCH = YES;
				COPY_PHASE_STRIP = NO;
				CURRENT_PROJECT_VERSION = 1;
				DEBUG_INFORMATION_FORMAT = dwarf;
				ENABLE_STRICT_OBJC_MSGSEND = YES;
				ENABLE_TESTABILITY = YES;
				ENABLE_USER_SCRIPT_SANDBOXING = YES;
				GCC_C_LANGUAGE_STANDARD = gnu17;
				GCC_DYNAMIC_NO_PIC = NO;
				GCC_NO_COMMON_BLOCKS = YES;
				GCC_OPTIMIZATION_LEVEL = 0;
				GCC_PREPROCESSOR_DEFINITIONS = (
					"DEBUG=1",
					"$(inherited)",
				);
				GCC_WARN_64_TO_32_BIT_CONVERSION = YES;
				GCC_WARN_ABOUT_RETURN_TYPE = YES_ERROR;
				GCC_WARN_UNDECLARED_SELECTOR = YES;
				GCC_WARN_UNINITIALIZED_AUTOS = YES_AGGRESSIVE;
				GCC_WARN_UNUSED_FUNCTION = YES;
				GCC_WARN_UNUSED_VARIABLE = YES;
				IPHONEOS_DEPLOYMENT_TARGET = 18.1;
				LOCALIZATION_PREFERS_STRING_CATALOGS = YES;
				MTL_ENABLE_DEBUG_INFO = INCLUDE_SOURCE;
				MTL_FAST_MATH = YES;
				ONLY_ACTIVE_ARCH = YES;
				SDKROOT = iphoneos;
				SWIFT_ACTIVE_COMPILATION_CONDITIONS = "DEBUG $(inherited)";
				SWIFT_OPTIMIZATION_LEVEL = "-Onone";
				VERSIONING_SYSTEM = "apple-generic";
				VERSION_INFO_PREFIX = "";
			};
			name = Debug;
		};
		290D17032CF122B8006702B4 /* Release */ = {
			isa = XCBuildConfiguration;
			buildSettings = {
				ALWAYS_SEARCH_USER_PATHS = NO;
				ASSETCATALOG_COMPILER_GENERATE_SWIFT_ASSET_SYMBOL_EXTENSIONS = YES;
				CLANG_ANALYZER_NONNULL = YES;
				CLANG_ANALYZER_NUMBER_OBJECT_CONVERSION = YES_AGGRESSIVE;
				CLANG_CXX_LANGUAGE_STANDARD = "gnu++20";
				CLANG_ENABLE_MODULES = YES;
				CLANG_ENABLE_OBJC_ARC = YES;
				CLANG_ENABLE_OBJC_WEAK = YES;
				CLANG_WARN_BLOCK_CAPTURE_AUTORELEASING = YES;
				CLANG_WARN_BOOL_CONVERSION = YES;
				CLANG_WARN_COMMA = YES;
				CLANG_WARN_CONSTANT_CONVERSION = YES;
				CLANG_WARN_DEPRECATED_OBJC_IMPLEMENTATIONS = YES;
				CLANG_WARN_DIRECT_OBJC_ISA_USAGE = YES_ERROR;
				CLANG_WARN_DOCUMENTATION_COMMENTS = YES;
				CLANG_WARN_EMPTY_BODY = YES;
				CLANG_WARN_ENUM_CONVERSION = YES;
				CLANG_WARN_INFINITE_RECURSION = YES;
				CLANG_WARN_INT_CONVERSION = YES;
				CLANG_WARN_NON_LITERAL_NULL_CONVERSION = YES;
				CLANG_WARN_OBJC_IMPLICIT_RETAIN_SELF = YES;
				CLANG_WARN_OBJC_LITERAL_CONVERSION = YES;
				CLANG_WARN_OBJC_ROOT_CLASS = YES_ERROR;
				CLANG_WARN_QUOTED_INCLUDE_IN_FRAMEWORK_HEADER = YES;
				CLANG_WARN_RANGE_LOOP_ANALYSIS = YES;
				CLANG_WARN_STRICT_PROTOTYPES = YES;
				CLANG_WARN_SUSPICIOUS_MOVE = YES;
				CLANG_WARN_UNGUARDED_AVAILABILITY = YES_AGGRESSIVE;
				CLANG_WARN_UNREACHABLE_CODE = YES;
				CLANG_WARN__DUPLICATE_METHOD_MATCH = YES;
				COPY_PHASE_STRIP = NO;
				CURRENT_PROJECT_VERSION = 1;
				DEBUG_INFORMATION_FORMAT = "dwarf-with-dsym";
				ENABLE_NS_ASSERTIONS = NO;
				ENABLE_STRICT_OBJC_MSGSEND = YES;
				ENABLE_USER_SCRIPT_SANDBOXING = YES;
				GCC_C_LANGUAGE_STANDARD = gnu17;
				GCC_NO_COMMON_BLOCKS = YES;
				GCC_WARN_64_TO_32_BIT_CONVERSION = YES;
				GCC_WARN_ABOUT_RETURN_TYPE = YES_ERROR;
				GCC_WARN_UNDECLARED_SELECTOR = YES;
				GCC_WARN_UNINITIALIZED_AUTOS = YES_AGGRESSIVE;
				GCC_WARN_UNUSED_FUNCTION = YES;
				GCC_WARN_UNUSED_VARIABLE = YES;
				IPHONEOS_DEPLOYMENT_TARGET = 18.1;
				LOCALIZATION_PREFERS_STRING_CATALOGS = YES;
				MTL_ENABLE_DEBUG_INFO = NO;
				MTL_FAST_MATH = YES;
				SDKROOT = iphoneos;
				SWIFT_COMPILATION_MODE = wholemodule;
				VALIDATE_PRODUCT = YES;
				VERSIONING_SYSTEM = "apple-generic";
				VERSION_INFO_PREFIX = "";
			};
			name = Release;
		};
		290D17052CF122B8006702B4 /* Debug */ = {
			isa = XCBuildConfiguration;
			buildSettings = {
				CODE_SIGN_STYLE = Automatic;
				CURRENT_PROJECT_VERSION = 1;
				GENERATE_INFOPLIST_FILE = YES;
				MARKETING_VERSION = 1.0;
				PRODUCT_BUNDLE_IDENTIFIER = com.andres.DiscogsDataTests;
				PRODUCT_NAME = "$(TARGET_NAME)";
				SWIFT_EMIT_LOC_STRINGS = NO;
				SWIFT_VERSION = 5.0;
				TARGETED_DEVICE_FAMILY = "1,2";
			};
			name = Debug;
		};
		290D17062CF122B8006702B4 /* Release */ = {
			isa = XCBuildConfiguration;
			buildSettings = {
				CODE_SIGN_STYLE = Automatic;
				CURRENT_PROJECT_VERSION = 1;
				GENERATE_INFOPLIST_FILE = YES;
				MARKETING_VERSION = 1.0;
				PRODUCT_BUNDLE_IDENTIFIER = com.andres.DiscogsDataTests;
				PRODUCT_NAME = "$(TARGET_NAME)";
				SWIFT_EMIT_LOC_STRINGS = NO;
				SWIFT_VERSION = 5.0;
				TARGETED_DEVICE_FAMILY = "1,2";
			};
			name = Release;
		};
/* End XCBuildConfiguration section */

/* Begin XCConfigurationList section */
		290D16E82CF122B8006702B4 /* Build configuration list for PBXProject "DiscogsData" */ = {
			isa = XCConfigurationList;
			buildConfigurations = (
				290D17022CF122B8006702B4 /* Debug */,
				290D17032CF122B8006702B4 /* Release */,
			);
			defaultConfigurationIsVisible = 0;
			defaultConfigurationName = Release;
		};
		290D16FF2CF122B8006702B4 /* Build configuration list for PBXNativeTarget "DiscogsData" */ = {
			isa = XCConfigurationList;
			buildConfigurations = (
				290D17002CF122B8006702B4 /* Debug */,
				290D17012CF122B8006702B4 /* Release */,
			);
			defaultConfigurationIsVisible = 0;
			defaultConfigurationName = Release;
		};
		290D17042CF122B8006702B4 /* Build configuration list for PBXNativeTarget "DiscogsDataTests" */ = {
			isa = XCConfigurationList;
			buildConfigurations = (
				290D17052CF122B8006702B4 /* Debug */,
				290D17062CF122B8006702B4 /* Release */,
			);
			defaultConfigurationIsVisible = 0;
			defaultConfigurationName = Release;
		};
/* End XCConfigurationList section */
	};
	rootObject = 290D16E52CF122B8006702B4 /* Project object */;
}
