// !$*UTF8*$!
{
	archiveVersion = 1;
	classes = {
	};
	objectVersion = 77;
	objects = {

/* Begin PBXBuildFile section */
		290D16D42CF1229E006702B4 /* DiscogsUsecases.framework in Frameworks */ = {isa = PBXBuildFile; fileRef = 290D16CB2CF1229E006702B4 /* DiscogsUsecases.framework */; };
		290D17FE2CF1A0F7006702B4 /* DiscogsUsecases.h in Headers */ = {isa = PBXBuildFile; fileRef = 290D17FC2CF1A0F7006702B4 /* DiscogsUsecases.h */; settings = {ATTRIBUTES = (Public, ); }; };
		290D18012CF1A129006702B4 /* SearchArtistByNameUsecase.swift in Sources */ = {isa = PBXBuildFile; fileRef = 290D18002CF1A129006702B4 /* SearchArtistByNameUsecase.swift */; };
		290D18042CF1A136006702B4 /* DiscogsDataSource.framework in Frameworks */ = {isa = PBXBuildFile; fileRef = 290D18032CF1A136006702B4 /* DiscogsDataSource.framework */; };
		290D18082CF1A13A006702B4 /* DiscogsEntities.framework in Frameworks */ = {isa = PBXBuildFile; fileRef = 290D18072CF1A13A006702B4 /* DiscogsEntities.framework */; };
		290D185F2CF4DED0006702B4 /* GetArtistByURLUsecase.swift in Sources */ = {isa = PBXBuildFile; fileRef = 290D185E2CF4DED0006702B4 /* GetArtistByURLUsecase.swift */; };
		297F4BF32CF64B2300BC902A /* GetReleasesByURLUsecase.swift in Sources */ = {isa = PBXBuildFile; fileRef = 297F4BF22CF64B2300BC902A /* GetReleasesByURLUsecase.swift */; };
		297F4C232CF6B4AA00BC902A /* DiscogsUsecasesTests.swift in Sources */ = {isa = PBXBuildFile; fileRef = 297F4C212CF6B4AA00BC902A /* DiscogsUsecasesTests.swift */; };
		297F4C262CF6B4D900BC902A /* SearchArtistByNameUsecaseTests.swift in Sources */ = {isa = PBXBuildFile; fileRef = 297F4C252CF6B4D900BC902A /* SearchArtistByNameUsecaseTests.swift */; };
		297F4C282CF6B4F700BC902A /* SearchArtistByNameMock.swift in Sources */ = {isa = PBXBuildFile; fileRef = 297F4C272CF6B4F700BC902A /* SearchArtistByNameMock.swift */; };
		297F4C2D2CF6B6EA00BC902A /* GetArtistByURLMock.swift in Sources */ = {isa = PBXBuildFile; fileRef = 297F4C2C2CF6B6EA00BC902A /* GetArtistByURLMock.swift */; };
		297F4C2F2CF6B71D00BC902A /* GetArtistByURLUsecaseTests.swift in Sources */ = {isa = PBXBuildFile; fileRef = 297F4C2E2CF6B71D00BC902A /* GetArtistByURLUsecaseTests.swift */; };
		297F4C312CF6B7AF00BC902A /* GetReleasesByURLMock.swift in Sources */ = {isa = PBXBuildFile; fileRef = 297F4C302CF6B7AF00BC902A /* GetReleasesByURLMock.swift */; };
		297F4C332CF6B82700BC902A /* GetReleasesByURLUsecaseTests.swift in Sources */ = {isa = PBXBuildFile; fileRef = 297F4C322CF6B82700BC902A /* GetReleasesByURLUsecaseTests.swift */; };
/* End PBXBuildFile section */

/* Begin PBXContainerItemProxy section */
		290D16D52CF1229E006702B4 /* PBXContainerItemProxy */ = {
			isa = PBXContainerItemProxy;
			containerPortal = 290D16C22CF1229E006702B4 /* Project object */;
			proxyType = 1;
			remoteGlobalIDString = 290D16CA2CF1229E006702B4;
			remoteInfo = DiscogsUsecases;
		};
/* End PBXContainerItemProxy section */

/* Begin PBXFileReference section */
		290D16CB2CF1229E006702B4 /* DiscogsUsecases.framework */ = {isa = PBXFileReference; explicitFileType = wrapper.framework; includeInIndex = 0; path = DiscogsUsecases.framework; sourceTree = BUILT_PRODUCTS_DIR; };
		290D16D32CF1229E006702B4 /* DiscogsUsecasesTests.xctest */ = {isa = PBXFileReference; explicitFileType = wrapper.cfbundle; includeInIndex = 0; path = DiscogsUsecasesTests.xctest; sourceTree = BUILT_PRODUCTS_DIR; };
		290D17FC2CF1A0F7006702B4 /* DiscogsUsecases.h */ = {isa = PBXFileReference; lastKnownFileType = sourcecode.c.h; path = DiscogsUsecases.h; sourceTree = "<group>"; };
		290D18002CF1A129006702B4 /* SearchArtistByNameUsecase.swift */ = {isa = PBXFileReference; lastKnownFileType = sourcecode.swift; path = SearchArtistByNameUsecase.swift; sourceTree = "<group>"; };
		290D18032CF1A136006702B4 /* DiscogsDataSource.framework */ = {isa = PBXFileReference; explicitFileType = wrapper.framework; path = DiscogsDataSource.framework; sourceTree = BUILT_PRODUCTS_DIR; };
		290D18072CF1A13A006702B4 /* DiscogsEntities.framework */ = {isa = PBXFileReference; explicitFileType = wrapper.framework; path = DiscogsEntities.framework; sourceTree = BUILT_PRODUCTS_DIR; };
		290D185E2CF4DED0006702B4 /* GetArtistByURLUsecase.swift */ = {isa = PBXFileReference; lastKnownFileType = sourcecode.swift; path = GetArtistByURLUsecase.swift; sourceTree = "<group>"; };
		297F4BF22CF64B2300BC902A /* GetReleasesByURLUsecase.swift */ = {isa = PBXFileReference; lastKnownFileType = sourcecode.swift; path = GetReleasesByURLUsecase.swift; sourceTree = "<group>"; };
		297F4C212CF6B4AA00BC902A /* DiscogsUsecasesTests.swift */ = {isa = PBXFileReference; lastKnownFileType = sourcecode.swift; path = DiscogsUsecasesTests.swift; sourceTree = "<group>"; };
		297F4C252CF6B4D900BC902A /* SearchArtistByNameUsecaseTests.swift */ = {isa = PBXFileReference; lastKnownFileType = sourcecode.swift; path = SearchArtistByNameUsecaseTests.swift; sourceTree = "<group>"; };
		297F4C272CF6B4F700BC902A /* SearchArtistByNameMock.swift */ = {isa = PBXFileReference; lastKnownFileType = sourcecode.swift; path = SearchArtistByNameMock.swift; sourceTree = "<group>"; };
		297F4C2C2CF6B6EA00BC902A /* GetArtistByURLMock.swift */ = {isa = PBXFileReference; lastKnownFileType = sourcecode.swift; path = GetArtistByURLMock.swift; sourceTree = "<group>"; };
		297F4C2E2CF6B71D00BC902A /* GetArtistByURLUsecaseTests.swift */ = {isa = PBXFileReference; lastKnownFileType = sourcecode.swift; path = GetArtistByURLUsecaseTests.swift; sourceTree = "<group>"; };
		297F4C302CF6B7AF00BC902A /* GetReleasesByURLMock.swift */ = {isa = PBXFileReference; lastKnownFileType = sourcecode.swift; path = GetReleasesByURLMock.swift; sourceTree = "<group>"; };
		297F4C322CF6B82700BC902A /* GetReleasesByURLUsecaseTests.swift */ = {isa = PBXFileReference; lastKnownFileType = sourcecode.swift; path = GetReleasesByURLUsecaseTests.swift; sourceTree = "<group>"; };
/* End PBXFileReference section */

/* Begin PBXFrameworksBuildPhase section */
		290D16C82CF1229E006702B4 /* Frameworks */ = {
			isa = PBXFrameworksBuildPhase;
			buildActionMask = 2147483647;
			files = (
				290D18082CF1A13A006702B4 /* DiscogsEntities.framework in Frameworks */,
				290D18042CF1A136006702B4 /* DiscogsDataSource.framework in Frameworks */,
			);
			runOnlyForDeploymentPostprocessing = 0;
		};
		290D16D02CF1229E006702B4 /* Frameworks */ = {
			isa = PBXFrameworksBuildPhase;
			buildActionMask = 2147483647;
			files = (
				290D16D42CF1229E006702B4 /* DiscogsUsecases.framework in Frameworks */,
			);
			runOnlyForDeploymentPostprocessing = 0;
		};
/* End PBXFrameworksBuildPhase section */

/* Begin PBXGroup section */
		290D16C12CF1229E006702B4 = {
			isa = PBXGroup;
			children = (
				290D17FD2CF1A0F7006702B4 /* DiscogsUsecases */,
				297F4C222CF6B4AA00BC902A /* DiscogsUsecasesTests */,
				290D18022CF1A136006702B4 /* Frameworks */,
				290D16CC2CF1229E006702B4 /* Products */,
			);
			sourceTree = "<group>";
		};
		290D16CC2CF1229E006702B4 /* Products */ = {
			isa = PBXGroup;
			children = (
				290D16CB2CF1229E006702B4 /* DiscogsUsecases.framework */,
				290D16D32CF1229E006702B4 /* DiscogsUsecasesTests.xctest */,
			);
			name = Products;
			sourceTree = "<group>";
		};
		290D17FD2CF1A0F7006702B4 /* DiscogsUsecases */ = {
			isa = PBXGroup;
			children = (
				290D17FF2CF1A103006702B4 /* Artist */,
				290D17FC2CF1A0F7006702B4 /* DiscogsUsecases.h */,
			);
			path = DiscogsUsecases;
			sourceTree = "<group>";
		};
		290D17FF2CF1A103006702B4 /* Artist */ = {
			isa = PBXGroup;
			children = (
				290D18002CF1A129006702B4 /* SearchArtistByNameUsecase.swift */,
				290D185E2CF4DED0006702B4 /* GetArtistByURLUsecase.swift */,
				297F4BF22CF64B2300BC902A /* GetReleasesByURLUsecase.swift */,
			);
			path = Artist;
			sourceTree = "<group>";
		};
		290D18022CF1A136006702B4 /* Frameworks */ = {
			isa = PBXGroup;
			children = (
				290D18072CF1A13A006702B4 /* DiscogsEntities.framework */,
				290D18032CF1A136006702B4 /* DiscogsDataSource.framework */,
			);
			name = Frameworks;
			sourceTree = "<group>";
		};
		297F4C222CF6B4AA00BC902A /* DiscogsUsecasesTests */ = {
			isa = PBXGroup;
			children = (
				297F4C242CF6B4AF00BC902A /* Artist */,
				297F4C212CF6B4AA00BC902A /* DiscogsUsecasesTests.swift */,
			);
			path = DiscogsUsecasesTests;
			sourceTree = "<group>";
		};
		297F4C242CF6B4AF00BC902A /* Artist */ = {
			isa = PBXGroup;
			children = (
				297F4C2B2CF6B6DA00BC902A /* Releases */,
				297F4C2A2CF6B6D400BC902A /* Artist */,
				297F4C292CF6B6C800BC902A /* Search */,
			);
			path = Artist;
			sourceTree = "<group>";
		};
		297F4C292CF6B6C800BC902A /* Search */ = {
			isa = PBXGroup;
			children = (
				297F4C252CF6B4D900BC902A /* SearchArtistByNameUsecaseTests.swift */,
				297F4C272CF6B4F700BC902A /* SearchArtistByNameMock.swift */,
			);
			path = Search;
			sourceTree = "<group>";
		};
		297F4C2A2CF6B6D400BC902A /* Artist */ = {
			isa = PBXGroup;
			children = (
				297F4C2C2CF6B6EA00BC902A /* GetArtistByURLMock.swift */,
				297F4C2E2CF6B71D00BC902A /* GetArtistByURLUsecaseTests.swift */,
			);
			path = Artist;
			sourceTree = "<group>";
		};
		297F4C2B2CF6B6DA00BC902A /* Releases */ = {
			isa = PBXGroup;
			children = (
				297F4C302CF6B7AF00BC902A /* GetReleasesByURLMock.swift */,
				297F4C322CF6B82700BC902A /* GetReleasesByURLUsecaseTests.swift */,
			);
			path = Releases;
			sourceTree = "<group>";
		};
/* End PBXGroup section */

/* Begin PBXHeadersBuildPhase section */
		290D16C62CF1229E006702B4 /* Headers */ = {
			isa = PBXHeadersBuildPhase;
			buildActionMask = 2147483647;
			files = (
				290D17FE2CF1A0F7006702B4 /* DiscogsUsecases.h in Headers */,
			);
			runOnlyForDeploymentPostprocessing = 0;
		};
/* End PBXHeadersBuildPhase section */

/* Begin PBXNativeTarget section */
		290D16CA2CF1229E006702B4 /* DiscogsUsecases */ = {
			isa = PBXNativeTarget;
			buildConfigurationList = 290D16DC2CF1229E006702B4 /* Build configuration list for PBXNativeTarget "DiscogsUsecases" */;
			buildPhases = (
				290D16C62CF1229E006702B4 /* Headers */,
				290D16C72CF1229E006702B4 /* Sources */,
				290D16C82CF1229E006702B4 /* Frameworks */,
				290D16C92CF1229E006702B4 /* Resources */,
			);
			buildRules = (
			);
			dependencies = (
			);
			name = DiscogsUsecases;
			packageProductDependencies = (
			);
			productName = DiscogsUsecases;
			productReference = 290D16CB2CF1229E006702B4 /* DiscogsUsecases.framework */;
			productType = "com.apple.product-type.framework";
		};
		290D16D22CF1229E006702B4 /* DiscogsUsecasesTests */ = {
			isa = PBXNativeTarget;
			buildConfigurationList = 290D16E12CF1229E006702B4 /* Build configuration list for PBXNativeTarget "DiscogsUsecasesTests" */;
			buildPhases = (
				290D16CF2CF1229E006702B4 /* Sources */,
				290D16D02CF1229E006702B4 /* Frameworks */,
				290D16D12CF1229E006702B4 /* Resources */,
			);
			buildRules = (
			);
			dependencies = (
				290D16D62CF1229E006702B4 /* PBXTargetDependency */,
			);
			name = DiscogsUsecasesTests;
			packageProductDependencies = (
			);
			productName = DiscogsUsecasesTests;
			productReference = 290D16D32CF1229E006702B4 /* DiscogsUsecasesTests.xctest */;
			productType = "com.apple.product-type.bundle.unit-test";
		};
/* End PBXNativeTarget section */

/* Begin PBXProject section */
		290D16C22CF1229E006702B4 /* Project object */ = {
			isa = PBXProject;
			attributes = {
				BuildIndependentTargetsInParallel = 1;
				LastSwiftUpdateCheck = 1610;
				LastUpgradeCheck = 1610;
				TargetAttributes = {
					290D16CA2CF1229E006702B4 = {
						CreatedOnToolsVersion = 16.1;
						LastSwiftMigration = 1610;
					};
					290D16D22CF1229E006702B4 = {
						CreatedOnToolsVersion = 16.1;
					};
				};
			};
			buildConfigurationList = 290D16C52CF1229E006702B4 /* Build configuration list for PBXProject "DiscogsUsecases" */;
			developmentRegion = en;
			hasScannedForEncodings = 0;
			knownRegions = (
				en,
				Base,
			);
			mainGroup = 290D16C12CF1229E006702B4;
			minimizedProjectReferenceProxies = 1;
			preferredProjectObjectVersion = 77;
			productRefGroup = 290D16CC2CF1229E006702B4 /* Products */;
			projectDirPath = "";
			projectRoot = "";
			targets = (
				290D16CA2CF1229E006702B4 /* DiscogsUsecases */,
				290D16D22CF1229E006702B4 /* DiscogsUsecasesTests */,
			);
		};
/* End PBXProject section */

/* Begin PBXResourcesBuildPhase section */
		290D16C92CF1229E006702B4 /* Resources */ = {
			isa = PBXResourcesBuildPhase;
			buildActionMask = 2147483647;
			files = (
			);
			runOnlyForDeploymentPostprocessing = 0;
		};
		290D16D12CF1229E006702B4 /* Resources */ = {
			isa = PBXResourcesBuildPhase;
			buildActionMask = 2147483647;
			files = (
			);
			runOnlyForDeploymentPostprocessing = 0;
		};
/* End PBXResourcesBuildPhase section */

/* Begin PBXSourcesBuildPhase section */
		290D16C72CF1229E006702B4 /* Sources */ = {
			isa = PBXSourcesBuildPhase;
			buildActionMask = 2147483647;
			files = (
				290D185F2CF4DED0006702B4 /* GetArtistByURLUsecase.swift in Sources */,
				297F4BF32CF64B2300BC902A /* GetReleasesByURLUsecase.swift in Sources */,
				290D18012CF1A129006702B4 /* SearchArtistByNameUsecase.swift in Sources */,
			);
			runOnlyForDeploymentPostprocessing = 0;
		};
		290D16CF2CF1229E006702B4 /* Sources */ = {
			isa = PBXSourcesBuildPhase;
			buildActionMask = 2147483647;
			files = (
				297F4C262CF6B4D900BC902A /* SearchArtistByNameUsecaseTests.swift in Sources */,
				297F4C232CF6B4AA00BC902A /* DiscogsUsecasesTests.swift in Sources */,
				297F4C2F2CF6B71D00BC902A /* GetArtistByURLUsecaseTests.swift in Sources */,
				297F4C312CF6B7AF00BC902A /* GetReleasesByURLMock.swift in Sources */,
				297F4C2D2CF6B6EA00BC902A /* GetArtistByURLMock.swift in Sources */,
				297F4C332CF6B82700BC902A /* GetReleasesByURLUsecaseTests.swift in Sources */,
				297F4C282CF6B4F700BC902A /* SearchArtistByNameMock.swift in Sources */,
			);
			runOnlyForDeploymentPostprocessing = 0;
		};
/* End PBXSourcesBuildPhase section */

/* Begin PBXTargetDependency section */
		290D16D62CF1229E006702B4 /* PBXTargetDependency */ = {
			isa = PBXTargetDependency;
			target = 290D16CA2CF1229E006702B4 /* DiscogsUsecases */;
			targetProxy = 290D16D52CF1229E006702B4 /* PBXContainerItemProxy */;
		};
/* End PBXTargetDependency section */

/* Begin XCBuildConfiguration section */
		290D16DD2CF1229E006702B4 /* Debug */ = {
			isa = XCBuildConfiguration;
			buildSettings = {
				BUILD_LIBRARY_FOR_DISTRIBUTION = YES;
				CLANG_ENABLE_MODULES = YES;
				CODE_SIGN_STYLE = Automatic;
				CURRENT_PROJECT_VERSION = 1;
				DEFINES_MODULE = YES;
				DYLIB_COMPATIBILITY_VERSION = 1;
				DYLIB_CURRENT_VERSION = 1;
				DYLIB_INSTALL_NAME_BASE = "@rpath";
				ENABLE_MODULE_VERIFIER = YES;
				GENERATE_INFOPLIST_FILE = YES;
				INFOPLIST_KEY_NSHumanReadableCopyright = "";
				INSTALL_PATH = "$(LOCAL_LIBRARY_DIR)/Frameworks";
				IPHONEOS_DEPLOYMENT_TARGET = 15.6;
				LD_RUNPATH_SEARCH_PATHS = (
					"$(inherited)",
					"@executable_path/Frameworks",
					"@loader_path/Frameworks",
				);
				MARKETING_VERSION = 1.0;
				MODULE_VERIFIER_SUPPORTED_LANGUAGES = "objective-c objective-c++";
				MODULE_VERIFIER_SUPPORTED_LANGUAGE_STANDARDS = "gnu17 gnu++20";
				PRODUCT_BUNDLE_IDENTIFIER = com.andres.DiscogsUsecases;
				PRODUCT_NAME = "$(TARGET_NAME:c99extidentifier)";
				SKIP_INSTALL = YES;
				SWIFT_EMIT_LOC_STRINGS = YES;
				SWIFT_INSTALL_OBJC_HEADER = NO;
				SWIFT_OPTIMIZATION_LEVEL = "-Onone";
				SWIFT_VERSION = 5.0;
				TARGETED_DEVICE_FAMILY = "1,2";
			};
			name = Debug;
		};
		290D16DE2CF1229E006702B4 /* Release */ = {
			isa = XCBuildConfiguration;
			buildSettings = {
				BUILD_LIBRARY_FOR_DISTRIBUTION = YES;
				CLANG_ENABLE_MODULES = YES;
				CODE_SIGN_STYLE = Automatic;
				CURRENT_PROJECT_VERSION = 1;
				DEFINES_MODULE = YES;
				DYLIB_COMPATIBILITY_VERSION = 1;
				DYLIB_CURRENT_VERSION = 1;
				DYLIB_INSTALL_NAME_BASE = "@rpath";
				ENABLE_MODULE_VERIFIER = YES;
				GENERATE_INFOPLIST_FILE = YES;
				INFOPLIST_KEY_NSHumanReadableCopyright = "";
				INSTALL_PATH = "$(LOCAL_LIBRARY_DIR)/Frameworks";
				IPHONEOS_DEPLOYMENT_TARGET = 15.6;
				LD_RUNPATH_SEARCH_PATHS = (
					"$(inherited)",
					"@executable_path/Frameworks",
					"@loader_path/Frameworks",
				);
				MARKETING_VERSION = 1.0;
				MODULE_VERIFIER_SUPPORTED_LANGUAGES = "objective-c objective-c++";
				MODULE_VERIFIER_SUPPORTED_LANGUAGE_STANDARDS = "gnu17 gnu++20";
				PRODUCT_BUNDLE_IDENTIFIER = com.andres.DiscogsUsecases;
				PRODUCT_NAME = "$(TARGET_NAME:c99extidentifier)";
				SKIP_INSTALL = YES;
				SWIFT_EMIT_LOC_STRINGS = YES;
				SWIFT_INSTALL_OBJC_HEADER = NO;
				SWIFT_VERSION = 5.0;
				TARGETED_DEVICE_FAMILY = "1,2";
			};
			name = Release;
		};
		290D16DF2CF1229E006702B4 /* Debug */ = {
			isa = XCBuildConfiguration;
			buildSettings = {
				ALWAYS_SEARCH_USER_PATHS = NO;
				ASSETCATALOG_COMPILER_GENERATE_SWIFT_ASSET_SYMBOL_EXTENSIONS = YES;
				CLANG_ANALYZER_NONNULL = YES;
				CLANG_ANALYZER_NUMBER_OBJECT_CONVERSION = YES_AGGRESSIVE;
				CLANG_CXX_LANGUAGE_STANDARD = "gnu++20";
				CLANG_ENABLE_MODULES = YES;
				CLANG_ENABLE_OBJC_ARC = YES;
				CLANG_ENABLE_OBJC_WEAK = YES;
				CLANG_WARN_BLOCK_CAPTURE_AUTORELEASING = YES;
				CLANG_WARN_BOOL_CONVERSION = YES;
				CLANG_WARN_COMMA = YES;
				CLANG_WARN_CONSTANT_CONVERSION = YES;
				CLANG_WARN_DEPRECATED_OBJC_IMPLEMENTATIONS = YES;
				CLANG_WARN_DIRECT_OBJC_ISA_USAGE = YES_ERROR;
				CLANG_WARN_DOCUMENTATION_COMMENTS = YES;
				CLANG_WARN_EMPTY_BODY = YES;
				CLANG_WARN_ENUM_CONVERSION = YES;
				CLANG_WARN_INFINITE_RECURSION = YES;
				CLANG_WARN_INT_CONVERSION = YES;
				CLANG_WARN_NON_LITERAL_NULL_CONVERSION = YES;
				CLANG_WARN_OBJC_IMPLICIT_RETAIN_SELF = YES;
				CLANG_WARN_OBJC_LITERAL_CONVERSION = YES;
				CLANG_WARN_OBJC_ROOT_CLASS = YES_ERROR;
				CLANG_WARN_QUOTED_INCLUDE_IN_FRAMEWORK_HEADER = YES;
				CLANG_WARN_RANGE_LOOP_ANALYSIS = YES;
				CLANG_WARN_STRICT_PROTOTYPES = YES;
				CLANG_WARN_SUSPICIOUS_MOVE = YES;
				CLANG_WARN_UNGUARDED_AVAILABILITY = YES_AGGRESSIVE;
				CLANG_WARN_UNREACHABLE_CODE = YES;
				CLANG_WARN__DUPLICATE_METHOD_MATCH = YES;
				COPY_PHASE_STRIP = NO;
				CURRENT_PROJECT_VERSION = 1;
				DEBUG_INFORMATION_FORMAT = dwarf;
				ENABLE_STRICT_OBJC_MSGSEND = YES;
				ENABLE_TESTABILITY = YES;
				ENABLE_USER_SCRIPT_SANDBOXING = YES;
				GCC_C_LANGUAGE_STANDARD = gnu17;
				GCC_DYNAMIC_NO_PIC = NO;
				GCC_NO_COMMON_BLOCKS = YES;
				GCC_OPTIMIZATION_LEVEL = 0;
				GCC_PREPROCESSOR_DEFINITIONS = (
					"DEBUG=1",
					"$(inherited)",
				);
				GCC_WARN_64_TO_32_BIT_CONVERSION = YES;
				GCC_WARN_ABOUT_RETURN_TYPE = YES_ERROR;
				GCC_WARN_UNDECLARED_SELECTOR = YES;
				GCC_WARN_UNINITIALIZED_AUTOS = YES_AGGRESSIVE;
				GCC_WARN_UNUSED_FUNCTION = YES;
				GCC_WARN_UNUSED_VARIABLE = YES;
				IPHONEOS_DEPLOYMENT_TARGET = 18.1;
				LOCALIZATION_PREFERS_STRING_CATALOGS = YES;
				MTL_ENABLE_DEBUG_INFO = INCLUDE_SOURCE;
				MTL_FAST_MATH = YES;
				ONLY_ACTIVE_ARCH = YES;
				SDKROOT = iphoneos;
				SWIFT_ACTIVE_COMPILATION_CONDITIONS = "DEBUG $(inherited)";
				SWIFT_OPTIMIZATION_LEVEL = "-Onone";
				VERSIONING_SYSTEM = "apple-generic";
				VERSION_INFO_PREFIX = "";
			};
			name = Debug;
		};
		290D16E02CF1229E006702B4 /* Release */ = {
			isa = XCBuildConfiguration;
			buildSettings = {
				ALWAYS_SEARCH_USER_PATHS = NO;
				ASSETCATALOG_COMPILER_GENERATE_SWIFT_ASSET_SYMBOL_EXTENSIONS = YES;
				CLANG_ANALYZER_NONNULL = YES;
				CLANG_ANALYZER_NUMBER_OBJECT_CONVERSION = YES_AGGRESSIVE;
				CLANG_CXX_LANGUAGE_STANDARD = "gnu++20";
				CLANG_ENABLE_MODULES = YES;
				CLANG_ENABLE_OBJC_ARC = YES;
				CLANG_ENABLE_OBJC_WEAK = YES;
				CLANG_WARN_BLOCK_CAPTURE_AUTORELEASING = YES;
				CLANG_WARN_BOOL_CONVERSION = YES;
				CLANG_WARN_COMMA = YES;
				CLANG_WARN_CONSTANT_CONVERSION = YES;
				CLANG_WARN_DEPRECATED_OBJC_IMPLEMENTATIONS = YES;
				CLANG_WARN_DIRECT_OBJC_ISA_USAGE = YES_ERROR;
				CLANG_WARN_DOCUMENTATION_COMMENTS = YES;
				CLANG_WARN_EMPTY_BODY = YES;
				CLANG_WARN_ENUM_CONVERSION = YES;
				CLANG_WARN_INFINITE_RECURSION = YES;
				CLANG_WARN_INT_CONVERSION = YES;
				CLANG_WARN_NON_LITERAL_NULL_CONVERSION = YES;
				CLANG_WARN_OBJC_IMPLICIT_RETAIN_SELF = YES;
				CLANG_WARN_OBJC_LITERAL_CONVERSION = YES;
				CLANG_WARN_OBJC_ROOT_CLASS = YES_ERROR;
				CLANG_WARN_QUOTED_INCLUDE_IN_FRAMEWORK_HEADER = YES;
				CLANG_WARN_RANGE_LOOP_ANALYSIS = YES;
				CLANG_WARN_STRICT_PROTOTYPES = YES;
				CLANG_WARN_SUSPICIOUS_MOVE = YES;
				CLANG_WARN_UNGUARDED_AVAILABILITY = YES_AGGRESSIVE;
				CLANG_WARN_UNREACHABLE_CODE = YES;
				CLANG_WARN__DUPLICATE_METHOD_MATCH = YES;
				COPY_PHASE_STRIP = NO;
				CURRENT_PROJECT_VERSION = 1;
				DEBUG_INFORMATION_FORMAT = "dwarf-with-dsym";
				ENABLE_NS_ASSERTIONS = NO;
				ENABLE_STRICT_OBJC_MSGSEND = YES;
				ENABLE_USER_SCRIPT_SANDBOXING = YES;
				GCC_C_LANGUAGE_STANDARD = gnu17;
				GCC_NO_COMMON_BLOCKS = YES;
				GCC_WARN_64_TO_32_BIT_CONVERSION = YES;
				GCC_WARN_ABOUT_RETURN_TYPE = YES_ERROR;
				GCC_WARN_UNDECLARED_SELECTOR = YES;
				GCC_WARN_UNINITIALIZED_AUTOS = YES_AGGRESSIVE;
				GCC_WARN_UNUSED_FUNCTION = YES;
				GCC_WARN_UNUSED_VARIABLE = YES;
				IPHONEOS_DEPLOYMENT_TARGET = 18.1;
				LOCALIZATION_PREFERS_STRING_CATALOGS = YES;
				MTL_ENABLE_DEBUG_INFO = NO;
				MTL_FAST_MATH = YES;
				SDKROOT = iphoneos;
				SWIFT_COMPILATION_MODE = wholemodule;
				VALIDATE_PRODUCT = YES;
				VERSIONING_SYSTEM = "apple-generic";
				VERSION_INFO_PREFIX = "";
			};
			name = Release;
		};
		290D16E22CF1229E006702B4 /* Debug */ = {
			isa = XCBuildConfiguration;
			buildSettings = {
				CODE_SIGN_STYLE = Automatic;
				CURRENT_PROJECT_VERSION = 1;
				GENERATE_INFOPLIST_FILE = YES;
				MARKETING_VERSION = 1.0;
				PRODUCT_BUNDLE_IDENTIFIER = com.andres.DiscogsUsecasesTests;
				PRODUCT_NAME = "$(TARGET_NAME)";
				SWIFT_EMIT_LOC_STRINGS = NO;
				SWIFT_VERSION = 5.0;
				TARGETED_DEVICE_FAMILY = "1,2";
			};
			name = Debug;
		};
		290D16E32CF1229E006702B4 /* Release */ = {
			isa = XCBuildConfiguration;
			buildSettings = {
				CODE_SIGN_STYLE = Automatic;
				CURRENT_PROJECT_VERSION = 1;
				GENERATE_INFOPLIST_FILE = YES;
				MARKETING_VERSION = 1.0;
				PRODUCT_BUNDLE_IDENTIFIER = com.andres.DiscogsUsecasesTests;
				PRODUCT_NAME = "$(TARGET_NAME)";
				SWIFT_EMIT_LOC_STRINGS = NO;
				SWIFT_VERSION = 5.0;
				TARGETED_DEVICE_FAMILY = "1,2";
			};
			name = Release;
		};
/* End XCBuildConfiguration section */

/* Begin XCConfigurationList section */
		290D16C52CF1229E006702B4 /* Build configuration list for PBXProject "DiscogsUsecases" */ = {
			isa = XCConfigurationList;
			buildConfigurations = (
				290D16DF2CF1229E006702B4 /* Debug */,
				290D16E02CF1229E006702B4 /* Release */,
			);
			defaultConfigurationIsVisible = 0;
			defaultConfigurationName = Release;
		};
		290D16DC2CF1229E006702B4 /* Build configuration list for PBXNativeTarget "DiscogsUsecases" */ = {
			isa = XCConfigurationList;
			buildConfigurations = (
				290D16DD2CF1229E006702B4 /* Debug */,
				290D16DE2CF1229E006702B4 /* Release */,
			);
			defaultConfigurationIsVisible = 0;
			defaultConfigurationName = Release;
		};
		290D16E12CF1229E006702B4 /* Build configuration list for PBXNativeTarget "DiscogsUsecasesTests" */ = {
			isa = XCConfigurationList;
			buildConfigurations = (
				290D16E22CF1229E006702B4 /* Debug */,
				290D16E32CF1229E006702B4 /* Release */,
			);
			defaultConfigurationIsVisible = 0;
			defaultConfigurationName = Release;
		};
/* End XCConfigurationList section */
	};
	rootObject = 290D16C22CF1229E006702B4 /* Project object */;
}
